// !$*UTF8*$!
{
	archiveVersion = 1;
	classes = {
	};
	objectVersion = 46;
	objects = {

/* Begin PBXBuildFile section */
		D601920F18AFDF0C00255256 /* DemoViewController.m in Sources */ = {isa = PBXBuildFile; fileRef = D601920E18AFDF0C00255256 /* DemoViewController.m */; };
		D601921318AFDF6F00255256 /* DemoContentViewController.m in Sources */ = {isa = PBXBuildFile; fileRef = D601921218AFDF6F00255256 /* DemoContentViewController.m */; };
		D601921518AFE01600255256 /* Demo.xcassets in Resources */ = {isa = PBXBuildFile; fileRef = D601921418AFE01600255256 /* Demo.xcassets */; };
		D60910591B014DA2001D86C9 /* SettingsViewController.swift in Sources */ = {isa = PBXBuildFile; fileRef = D60910581B014DA2001D86C9 /* SettingsViewController.swift */; };
		D609105D1B015A35001D86C9 /* SettingsIncrementViewController.swift in Sources */ = {isa = PBXBuildFile; fileRef = D609105C1B015A35001D86C9 /* SettingsIncrementViewController.swift */; };
		D60B4CBE14D7A888001ECCE3 /* UIKit.framework in Frameworks */ = {isa = PBXBuildFile; fileRef = D60B4CBD14D7A888001ECCE3 /* UIKit.framework */; };
		D60B4CC014D7A888001ECCE3 /* Foundation.framework in Frameworks */ = {isa = PBXBuildFile; fileRef = D60B4CBF14D7A888001ECCE3 /* Foundation.framework */; };
		D60B4CC214D7A888001ECCE3 /* CoreGraphics.framework in Frameworks */ = {isa = PBXBuildFile; fileRef = D60B4CC114D7A888001ECCE3 /* CoreGraphics.framework */; };
		D616376C1CCD244600D5AC03 /* CoreDataTableController.swift in Sources */ = {isa = PBXBuildFile; fileRef = D616376B1CCD244600D5AC03 /* CoreDataTableController.swift */; };
		D616376E1CCECFF400D5AC03 /* SwitchCell.swift in Sources */ = {isa = PBXBuildFile; fileRef = D616376D1CCECFF400D5AC03 /* SwitchCell.swift */; };
		D625E86C18B00EF900FFE96D /* WorkoutModeParentController2.m in Sources */ = {isa = PBXBuildFile; fileRef = D625E86618B00ED900FFE96D /* WorkoutModeParentController2.m */; };
		D625E86E18B00EF900FFE96D /* WorkoutModeViewController2.m in Sources */ = {isa = PBXBuildFile; fileRef = D625E86818B00ED900FFE96D /* WorkoutModeViewController2.m */; };
		D62DB82D1AFBD12B00EA5A55 /* AlertViewController.swift in Sources */ = {isa = PBXBuildFile; fileRef = D62DB82C1AFBD12B00EA5A55 /* AlertViewController.swift */; };
		D63E445818AB2DA500A13883 /* QuartzCore.framework in Frameworks */ = {isa = PBXBuildFile; fileRef = D63E445718AB2DA500A13883 /* QuartzCore.framework */; };
		D64C4D0B1CCF9D0400BE675A /* NotesEditorViewController.swift in Sources */ = {isa = PBXBuildFile; fileRef = D64C4D0A1CCF9D0400BE675A /* NotesEditorViewController.swift */; };
		D64C4D2C1CCFABEA00BE675A /* FitBuddyCommon.framework in Frameworks */ = {isa = PBXBuildFile; fileRef = D64C4D161CCFAB2A00BE675A /* FitBuddyCommon.framework */; };
		D64C4D2D1CCFABEA00BE675A /* FitBuddyModel.framework in Frameworks */ = {isa = PBXBuildFile; fileRef = D64C4D151CCFAB2A00BE675A /* FitBuddyModel.framework */; };
		D64C4D311CCFADD800BE675A /* FitBuddyCommon.framework in Frameworks */ = {isa = PBXBuildFile; fileRef = D64C4D161CCFAB2A00BE675A /* FitBuddyCommon.framework */; };
		D64C4D331CCFB00200BE675A /* ExerciseAddViewController.swift in Sources */ = {isa = PBXBuildFile; fileRef = D64C4D321CCFB00200BE675A /* ExerciseAddViewController.swift */; };
		D64C4D371CCFB9A600BE675A /* ExerciseEditViewController.swift in Sources */ = {isa = PBXBuildFile; fileRef = D64C4D361CCFB9A600BE675A /* ExerciseEditViewController.swift */; };
		D655261418CC5BFB00AF55A6 /* Security.framework in Frameworks */ = {isa = PBXBuildFile; fileRef = D655261318CC5BFB00AF55A6 /* Security.framework */; };
		D666BE0D1AF929CF00256911 /* CoreData.framework in Frameworks */ = {isa = PBXBuildFile; fileRef = D6CEC98A14DA6A6C002DC3B0 /* CoreData.framework */; };
		D66F5D1D1B14B3C500049FDD /* LogbookChartData.swift in Sources */ = {isa = PBXBuildFile; fileRef = D66F5D1C1B14B3C500049FDD /* LogbookChartData.swift */; };
		D66F5D1F1B15122400049FDD /* LogbookTableData.swift in Sources */ = {isa = PBXBuildFile; fileRef = D66F5D1E1B15122400049FDD /* LogbookTableData.swift */; };
		D6715FD81CCC3E88007AAA62 /* GymBuddyMappingModel1.0.xcmappingmodel in Sources */ = {isa = PBXBuildFile; fileRef = D6715FC81CCC3E88007AAA62 /* GymBuddyMappingModel1.0.xcmappingmodel */; };
		D6715FD91CCC3E88007AAA62 /* GymBuddyMappingModel1.1.xcmappingmodel in Sources */ = {isa = PBXBuildFile; fileRef = D6715FC91CCC3E88007AAA62 /* GymBuddyMappingModel1.1.xcmappingmodel */; };
		D6715FDA1CCC3E88007AAA62 /* GymBuddyMappingModel1.2.xcmappingmodel in Sources */ = {isa = PBXBuildFile; fileRef = D6715FCA1CCC3E88007AAA62 /* GymBuddyMappingModel1.2.xcmappingmodel */; };
		D6715FDB1CCC3E88007AAA62 /* GymBuddyMappingModel1.3.xcmappingmodel in Sources */ = {isa = PBXBuildFile; fileRef = D6715FCB1CCC3E88007AAA62 /* GymBuddyMappingModel1.3.xcmappingmodel */; };
		D67E167018B31C97001E9257 /* icon-small.png in Resources */ = {isa = PBXBuildFile; fileRef = D67E166E18B31C97001E9257 /* icon-small.png */; };
		D67E167118B31C97001E9257 /* icon-big.png in Resources */ = {isa = PBXBuildFile; fileRef = D67E166F18B31C97001E9257 /* icon-big.png */; };
		D68F6DC71B07C3EC00F99E3F /* LogbookEntryViewController.swift in Sources */ = {isa = PBXBuildFile; fileRef = D68F6DC61B07C3EC00F99E3F /* LogbookEntryViewController.swift */; };
		D68F6DC91B0844D000F99E3F /* LogbookViewController.swift in Sources */ = {isa = PBXBuildFile; fileRef = D68F6DC81B0844D000F99E3F /* LogbookViewController.swift */; };
		D68F6DCB1B08E9AB00F99E3F /* ExerciseLogCell.swift in Sources */ = {isa = PBXBuildFile; fileRef = D68F6DCA1B08E9AB00F99E3F /* ExerciseLogCell.swift */; };
		D68F6DCD1B08EA2000F99E3F /* WorkoutLogCell.swift in Sources */ = {isa = PBXBuildFile; fileRef = D68F6DCC1B08EA2000F99E3F /* WorkoutLogCell.swift */; };
		D68F6DD31B09900600F99E3F /* LineChart.swift in Sources */ = {isa = PBXBuildFile; fileRef = D68F6DD21B09900600F99E3F /* LineChart.swift */; };
		D6A4EDD21CCBFDBA00709F2C /* CloudKit.framework in Frameworks */ = {isa = PBXBuildFile; fileRef = D6A4EDD11CCBFDBA00709F2C /* CloudKit.framework */; };
		D6A4EDDF1CCC0B4700709F2C /* CoreData.framework in Frameworks */ = {isa = PBXBuildFile; fileRef = D6A4EDDE1CCC0B4700709F2C /* CoreData.framework */; };
		D6B088A81AF1280800962EDB /* NSData+GZIP.swift in Sources */ = {isa = PBXBuildFile; fileRef = D6B088A71AF1280800962EDB /* NSData+GZIP.swift */; };
		D6B174D11AFA5043009E40D3 /* InterfaceController.swift in Sources */ = {isa = PBXBuildFile; fileRef = D6B174D01AFA5043009E40D3 /* InterfaceController.swift */; };
		D6B174DF1AFA5043009E40D3 /* Interface.storyboard in Resources */ = {isa = PBXBuildFile; fileRef = D6B174DD1AFA5043009E40D3 /* Interface.storyboard */; };
		D6B174E11AFA5043009E40D3 /* Images.xcassets in Resources */ = {isa = PBXBuildFile; fileRef = D6B174E01AFA5043009E40D3 /* Images.xcassets */; };
		D6B174F31AFA5252009E40D3 /* WorkoutCellType.swift in Sources */ = {isa = PBXBuildFile; fileRef = D6B174ED1AFA5252009E40D3 /* WorkoutCellType.swift */; };
		D6B174F41AFA5252009E40D3 /* WorkoutInterfaceController.swift in Sources */ = {isa = PBXBuildFile; fileRef = D6B174EE1AFA5252009E40D3 /* WorkoutInterfaceController.swift */; };
		D6B174F51AFA5252009E40D3 /* WorkoutSelectorController.swift in Sources */ = {isa = PBXBuildFile; fileRef = D6B174EF1AFA5252009E40D3 /* WorkoutSelectorController.swift */; };
		D6B174F61AFA5252009E40D3 /* WorkoutStartController.swift in Sources */ = {isa = PBXBuildFile; fileRef = D6B174F01AFA5252009E40D3 /* WorkoutStartController.swift */; };
		D6B59828187078340077C3D0 /* MainStoryboard-Autolayout.storyboard in Resources */ = {isa = PBXBuildFile; fileRef = D6B59827187078340077C3D0 /* MainStoryboard-Autolayout.storyboard */; };
		D6C0AE8618975566004F599E /* WorkoutControlerComponent.xib in Resources */ = {isa = PBXBuildFile; fileRef = D6C0AE8518975566004F599E /* WorkoutControlerComponent.xib */; };
		D6C26B2B14F15A710068DEA5 /* libz.dylib in Frameworks */ = {isa = PBXBuildFile; fileRef = D6C26B2A14F15A710068DEA5 /* libz.dylib */; };
		D6C2CA1F170E6BB400BA02DA /* CoreDataTableViewController.m in Sources */ = {isa = PBXBuildFile; fileRef = D6C2CA13170E6BB400BA02DA /* CoreDataTableViewController.m */; };
		D6C2CA21170E6BB400BA02DA /* NSData+CocoaDevUsersAdditions.m in Sources */ = {isa = PBXBuildFile; fileRef = D6C2CA18170E6BB400BA02DA /* NSData+CocoaDevUsersAdditions.m */; };
		D6C2CA5C170E6C4000BA02DA /* ExerciseControlController.m in Sources */ = {isa = PBXBuildFile; fileRef = D6C2CA4A170E6C4000BA02DA /* ExerciseControlController.m */; };
		D6C2CA5E170E6C4000BA02DA /* ExerciseListTableViewController.m in Sources */ = {isa = PBXBuildFile; fileRef = D6C2CA4E170E6C4000BA02DA /* ExerciseListTableViewController.m */; };
		D6C2CA64170E6C4000BA02DA /* WorkoutAddViewController.m in Sources */ = {isa = PBXBuildFile; fileRef = D6C2CA5A170E6C4000BA02DA /* WorkoutAddViewController.m */; };
		D6C2CA73170E6C8800BA02DA /* WorkoutSummaryViewController.m in Sources */ = {isa = PBXBuildFile; fileRef = D6C2CA6E170E6C8800BA02DA /* WorkoutSummaryViewController.m */; };
		D6C2CB0C170E6D5300BA02DA /* InfoPlist.strings in Resources */ = {isa = PBXBuildFile; fileRef = D6C2CB0A170E6D5300BA02DA /* InfoPlist.strings */; };
		D6C49F881901FECC001A8E41 /* AVFoundation.framework in Frameworks */ = {isa = PBXBuildFile; fileRef = D6C49F871901FECC001A8E41 /* AVFoundation.framework */; };
		D6C49F8A1901FF68001A8E41 /* CoreImage.framework in Frameworks */ = {isa = PBXBuildFile; fileRef = D6C49F891901FF68001A8E41 /* CoreImage.framework */; };
		D6CEC98B14DA6A6C002DC3B0 /* CoreData.framework in Frameworks */ = {isa = PBXBuildFile; fileRef = D6CEC98A14DA6A6C002DC3B0 /* CoreData.framework */; };
		D6D32F7B1AED6B020057F00B /* AppDelegate.swift in Sources */ = {isa = PBXBuildFile; fileRef = D6D32F7A1AED6B020057F00B /* AppDelegate.swift */; };
		D6D32F7E1AED6C580057F00B /* WorkoutViewController.swift in Sources */ = {isa = PBXBuildFile; fileRef = D6D32F7D1AED6C580057F00B /* WorkoutViewController.swift */; };
		D6FC8CD01CCC482500799539 /* GymBuddyModel.xcdatamodeld in Sources */ = {isa = PBXBuildFile; fileRef = D6FC8CC41CCC482500799539 /* GymBuddyModel.xcdatamodeld */; };
		D6FF1D151870B50A004A1D2A /* Images.xcassets in Resources */ = {isa = PBXBuildFile; fileRef = D6FF1D141870B50A004A1D2A /* Images.xcassets */; };
/* End PBXBuildFile section */

/* Begin PBXContainerItemProxy section */
		D64C4D1F1CCFAB7400BE675A /* PBXContainerItemProxy */ = {
			isa = PBXContainerItemProxy;
			containerPortal = D64C4D191CCFAB7400BE675A /* FitBuddyModel.xcodeproj */;
			proxyType = 2;
			remoteGlobalIDString = D6F368DD1CCC10E200DBC9F1;
			remoteInfo = FitBuddyModel;
		};
		D64C4D211CCFAB7400BE675A /* PBXContainerItemProxy */ = {
			isa = PBXContainerItemProxy;
			containerPortal = D64C4D191CCFAB7400BE675A /* FitBuddyModel.xcodeproj */;
			proxyType = 2;
			remoteGlobalIDString = D6F368E71CCC10E200DBC9F1;
			remoteInfo = FitBuddyModelTests;
		};
		D64C4D281CCFAB9C00BE675A /* PBXContainerItemProxy */ = {
			isa = PBXContainerItemProxy;
			containerPortal = D64C4D231CCFAB9C00BE675A /* FitBuddyCommon.xcodeproj */;
			proxyType = 2;
			remoteGlobalIDString = D6F369401CCC147300DBC9F1;
			remoteInfo = FitBuddyCommon;
		};
		D64C4D2A1CCFAB9C00BE675A /* PBXContainerItemProxy */ = {
			isa = PBXContainerItemProxy;
			containerPortal = D64C4D231CCFAB9C00BE675A /* FitBuddyCommon.xcodeproj */;
			proxyType = 2;
			remoteGlobalIDString = D6F3694A1CCC147300DBC9F1;
			remoteInfo = FitBuddyCommonTests;
		};
		D687907E1AF927B000D8E6DE /* PBXContainerItemProxy */ = {
			isa = PBXContainerItemProxy;
			containerPortal = D60B4CB014D7A888001ECCE3 /* Project object */;
			proxyType = 1;
			remoteGlobalIDString = D68790711AF927AF00D8E6DE;
			remoteInfo = FitBuddyCommon;
		};
		D68790801AF927B000D8E6DE /* PBXContainerItemProxy */ = {
			isa = PBXContainerItemProxy;
			containerPortal = D60B4CB014D7A888001ECCE3 /* Project object */;
			proxyType = 1;
			remoteGlobalIDString = D60B4CB814D7A888001ECCE3;
			remoteInfo = FitBuddy;
		};
		D6A4EDC91CCBFA2100709F2C /* PBXContainerItemProxy */ = {
			isa = PBXContainerItemProxy;
			containerPortal = D60B4CB014D7A888001ECCE3 /* Project object */;
			proxyType = 1;
			remoteGlobalIDString = D6B174CB1AFA5043009E40D3;
			remoteInfo = "FitBuddy WatchKit Extension";
		};
		D6A4EDD31CCC073700709F2C /* PBXContainerItemProxy */ = {
			isa = PBXContainerItemProxy;
			containerPortal = D60B4CB014D7A888001ECCE3 /* Project object */;
			proxyType = 1;
			remoteGlobalIDString = D68790711AF927AF00D8E6DE;
			remoteInfo = FitBuddyCommon;
		};
		D6DC0D4A1AF8FC6D00988D65 /* PBXContainerItemProxy */ = {
			isa = PBXContainerItemProxy;
			containerPortal = D60B4CB014D7A888001ECCE3 /* Project object */;
			proxyType = 1;
			remoteGlobalIDString = D6DC0D3D1AF8FC6D00988D65;
			remoteInfo = FitBuddyModel;
		};
		D6DC0D4C1AF8FC6E00988D65 /* PBXContainerItemProxy */ = {
			isa = PBXContainerItemProxy;
			containerPortal = D60B4CB014D7A888001ECCE3 /* Project object */;
			proxyType = 1;
			remoteGlobalIDString = D60B4CB814D7A888001ECCE3;
			remoteInfo = FitBuddy;
		};
/* End PBXContainerItemProxy section */

/* Begin PBXCopyFilesBuildPhase section */
		D6715FC21CCC3DAA007AAA62 /* CopyFiles */ = {
			isa = PBXCopyFilesBuildPhase;
			buildActionMask = 2147483647;
			dstPath = "";
			dstSubfolderSpec = 10;
			files = (
			);
			runOnlyForDeploymentPostprocessing = 0;
		};
		D6A4EDCF1CCBFA2100709F2C /* Embed App Extensions */ = {
			isa = PBXCopyFilesBuildPhase;
			buildActionMask = 2147483647;
			dstPath = "";
			dstSubfolderSpec = 13;
			files = (
			);
			name = "Embed App Extensions";
			runOnlyForDeploymentPostprocessing = 0;
		};
		D6A4EDD01CCBFA2100709F2C /* Embed Watch Content */ = {
			isa = PBXCopyFilesBuildPhase;
			buildActionMask = 2147483647;
			dstPath = "$(CONTENTS_FOLDER_PATH)/Watch";
			dstSubfolderSpec = 16;
			files = (
			);
			name = "Embed Watch Content";
			runOnlyForDeploymentPostprocessing = 0;
		};
/* End PBXCopyFilesBuildPhase section */

/* Begin PBXFileReference section */
		D601920D18AFDF0C00255256 /* DemoViewController.h */ = {isa = PBXFileReference; fileEncoding = 4; lastKnownFileType = sourcecode.c.h; name = DemoViewController.h; path = Demo/DemoViewController.h; sourceTree = SOURCE_ROOT; };
		D601920E18AFDF0C00255256 /* DemoViewController.m */ = {isa = PBXFileReference; fileEncoding = 4; lastKnownFileType = sourcecode.c.objc; name = DemoViewController.m; path = Demo/DemoViewController.m; sourceTree = SOURCE_ROOT; };
		D601921118AFDF6F00255256 /* DemoContentViewController.h */ = {isa = PBXFileReference; fileEncoding = 4; lastKnownFileType = sourcecode.c.h; name = DemoContentViewController.h; path = Demo/DemoContentViewController.h; sourceTree = SOURCE_ROOT; };
		D601921218AFDF6F00255256 /* DemoContentViewController.m */ = {isa = PBXFileReference; fileEncoding = 4; lastKnownFileType = sourcecode.c.objc; name = DemoContentViewController.m; path = Demo/DemoContentViewController.m; sourceTree = SOURCE_ROOT; };
		D601921418AFE01600255256 /* Demo.xcassets */ = {isa = PBXFileReference; lastKnownFileType = folder.assetcatalog; path = Demo.xcassets; sourceTree = SOURCE_ROOT; };
		D60910581B014DA2001D86C9 /* SettingsViewController.swift */ = {isa = PBXFileReference; fileEncoding = 4; lastKnownFileType = sourcecode.swift; name = SettingsViewController.swift; path = controllers/SettingsViewController.swift; sourceTree = SOURCE_ROOT; };
		D609105C1B015A35001D86C9 /* SettingsIncrementViewController.swift */ = {isa = PBXFileReference; fileEncoding = 4; lastKnownFileType = sourcecode.swift; name = SettingsIncrementViewController.swift; path = controllers/SettingsIncrementViewController.swift; sourceTree = SOURCE_ROOT; };
		D60B4CBD14D7A888001ECCE3 /* UIKit.framework */ = {isa = PBXFileReference; lastKnownFileType = wrapper.framework; name = UIKit.framework; path = System/Library/Frameworks/UIKit.framework; sourceTree = SDKROOT; };
		D60B4CBF14D7A888001ECCE3 /* Foundation.framework */ = {isa = PBXFileReference; lastKnownFileType = wrapper.framework; name = Foundation.framework; path = System/Library/Frameworks/Foundation.framework; sourceTree = SDKROOT; };
		D60B4CC114D7A888001ECCE3 /* CoreGraphics.framework */ = {isa = PBXFileReference; lastKnownFileType = wrapper.framework; name = CoreGraphics.framework; path = System/Library/Frameworks/CoreGraphics.framework; sourceTree = SDKROOT; };
		D6135CD3151027D30055F337 /* FitBuddy.app */ = {isa = PBXFileReference; explicitFileType = wrapper.application; includeInIndex = 0; path = FitBuddy.app; sourceTree = BUILT_PRODUCTS_DIR; };
		D616376B1CCD244600D5AC03 /* CoreDataTableController.swift */ = {isa = PBXFileReference; fileEncoding = 4; lastKnownFileType = sourcecode.swift; name = CoreDataTableController.swift; path = FitBuddyModel/FitBuddyModel/coredata/CoreDataTableController.swift; sourceTree = SOURCE_ROOT; };
		D616376D1CCECFF400D5AC03 /* SwitchCell.swift */ = {isa = PBXFileReference; fileEncoding = 4; lastKnownFileType = sourcecode.swift; name = SwitchCell.swift; path = FitBuddy/SwitchCell.swift; sourceTree = SOURCE_ROOT; };
		D625E86518B00ED900FFE96D /* WorkoutModeParentController2.h */ = {isa = PBXFileReference; fileEncoding = 4; lastKnownFileType = sourcecode.c.h; name = WorkoutModeParentController2.h; path = FitBuddy/NewWorkoutModeControllers/WorkoutModeParentController2.h; sourceTree = SOURCE_ROOT; };
		D625E86618B00ED900FFE96D /* WorkoutModeParentController2.m */ = {isa = PBXFileReference; fileEncoding = 4; lastKnownFileType = sourcecode.c.objc; name = WorkoutModeParentController2.m; path = FitBuddy/NewWorkoutModeControllers/WorkoutModeParentController2.m; sourceTree = SOURCE_ROOT; };
		D625E86718B00ED900FFE96D /* WorkoutModeViewController2.h */ = {isa = PBXFileReference; fileEncoding = 4; lastKnownFileType = sourcecode.c.h; name = WorkoutModeViewController2.h; path = FitBuddy/NewWorkoutModeControllers/WorkoutModeViewController2.h; sourceTree = SOURCE_ROOT; };
		D625E86818B00ED900FFE96D /* WorkoutModeViewController2.m */ = {isa = PBXFileReference; fileEncoding = 4; lastKnownFileType = sourcecode.c.objc; name = WorkoutModeViewController2.m; path = FitBuddy/NewWorkoutModeControllers/WorkoutModeViewController2.m; sourceTree = SOURCE_ROOT; };
		D62D027D1B0418CC00A6641B /* FitBuddy WatchKit Extension.entitlements */ = {isa = PBXFileReference; lastKnownFileType = text.xml; name = "FitBuddy WatchKit Extension.entitlements"; path = "FitBuddy WatchKit Extension/FitBuddy WatchKit Extension.entitlements"; sourceTree = "<group>"; };
		D62DB82C1AFBD12B00EA5A55 /* AlertViewController.swift */ = {isa = PBXFileReference; fileEncoding = 4; lastKnownFileType = sourcecode.swift; path = AlertViewController.swift; sourceTree = "<group>"; };
		D63E445718AB2DA500A13883 /* QuartzCore.framework */ = {isa = PBXFileReference; lastKnownFileType = wrapper.framework; name = QuartzCore.framework; path = System/Library/Frameworks/QuartzCore.framework; sourceTree = SDKROOT; };
		D64C4D0A1CCF9D0400BE675A /* NotesEditorViewController.swift */ = {isa = PBXFileReference; fileEncoding = 4; lastKnownFileType = sourcecode.swift; path = NotesEditorViewController.swift; sourceTree = SOURCE_ROOT; };
		D64C4D151CCFAB2A00BE675A /* FitBuddyModel.framework */ = {isa = PBXFileReference; explicitFileType = wrapper.framework; includeInIndex = 0; path = FitBuddyModel.framework; sourceTree = BUILT_PRODUCTS_DIR; };
		D64C4D161CCFAB2A00BE675A /* FitBuddyCommon.framework */ = {isa = PBXFileReference; explicitFileType = wrapper.framework; includeInIndex = 0; path = FitBuddyCommon.framework; sourceTree = BUILT_PRODUCTS_DIR; };
		D64C4D171CCFAB2A00BE675A /* FitBuddyModelTests.xctest */ = {isa = PBXFileReference; explicitFileType = wrapper.cfbundle; includeInIndex = 0; path = FitBuddyModelTests.xctest; sourceTree = BUILT_PRODUCTS_DIR; };
		D64C4D181CCFAB2A00BE675A /* FitBuddyCommonTests.xctest */ = {isa = PBXFileReference; explicitFileType = wrapper.cfbundle; includeInIndex = 0; path = FitBuddyCommonTests.xctest; sourceTree = BUILT_PRODUCTS_DIR; };
		D64C4D191CCFAB7400BE675A /* FitBuddyModel.xcodeproj */ = {isa = PBXFileReference; lastKnownFileType = "wrapper.pb-project"; name = FitBuddyModel.xcodeproj; path = FitBuddyModel/FitBuddyModel.xcodeproj; sourceTree = "<group>"; };
		D64C4D231CCFAB9C00BE675A /* FitBuddyCommon.xcodeproj */ = {isa = PBXFileReference; lastKnownFileType = "wrapper.pb-project"; name = FitBuddyCommon.xcodeproj; path = FitBuddyCommon/FitBuddyCommon.xcodeproj; sourceTree = "<group>"; };
		D64C4D321CCFB00200BE675A /* ExerciseAddViewController.swift */ = {isa = PBXFileReference; fileEncoding = 4; lastKnownFileType = sourcecode.swift; name = ExerciseAddViewController.swift; path = FitBuddy/MainViewControllers/ExerciseAddViewController.swift; sourceTree = SOURCE_ROOT; };
		D64C4D361CCFB9A600BE675A /* ExerciseEditViewController.swift */ = {isa = PBXFileReference; fileEncoding = 4; lastKnownFileType = sourcecode.swift; path = ExerciseEditViewController.swift; sourceTree = SOURCE_ROOT; };
		D655261118CC5BC900AF55A6 /* CoreLocation.framework */ = {isa = PBXFileReference; lastKnownFileType = wrapper.framework; name = CoreLocation.framework; path = System/Library/Frameworks/CoreLocation.framework; sourceTree = SDKROOT; };
		D655261318CC5BFB00AF55A6 /* Security.framework */ = {isa = PBXFileReference; lastKnownFileType = wrapper.framework; name = Security.framework; path = System/Library/Frameworks/Security.framework; sourceTree = SDKROOT; };
		D6570A7A1B041E0D00DD945A /* FitBuddy.entitlements */ = {isa = PBXFileReference; lastKnownFileType = text.xml; name = FitBuddy.entitlements; path = FitBuddy/FitBuddy.entitlements; sourceTree = "<group>"; };
		D66F5D1C1B14B3C500049FDD /* LogbookChartData.swift */ = {isa = PBXFileReference; fileEncoding = 4; lastKnownFileType = sourcecode.swift; name = LogbookChartData.swift; path = controllers/LogbookChartData.swift; sourceTree = SOURCE_ROOT; };
		D66F5D1E1B15122400049FDD /* LogbookTableData.swift */ = {isa = PBXFileReference; fileEncoding = 4; lastKnownFileType = sourcecode.swift; name = LogbookTableData.swift; path = controllers/LogbookTableData.swift; sourceTree = SOURCE_ROOT; };
		D6715FB11CCC2ECC007AAA62 /* FitBuddy WatchKit Extension.appex */ = {isa = PBXFileReference; explicitFileType = "wrapper.app-extension"; includeInIndex = 0; path = "FitBuddy WatchKit Extension.appex"; sourceTree = BUILT_PRODUCTS_DIR; };
		D6715FB21CCC2ECC007AAA62 /* FitBuddy WatchKit App.app */ = {isa = PBXFileReference; explicitFileType = wrapper.application; includeInIndex = 0; path = "FitBuddy WatchKit App.app"; sourceTree = BUILT_PRODUCTS_DIR; };
		D6715FC81CCC3E88007AAA62 /* GymBuddyMappingModel1.0.xcmappingmodel */ = {isa = PBXFileReference; lastKnownFileType = wrapper.xcmappingmodel; path = GymBuddyMappingModel1.0.xcmappingmodel; sourceTree = "<group>"; };
		D6715FC91CCC3E88007AAA62 /* GymBuddyMappingModel1.1.xcmappingmodel */ = {isa = PBXFileReference; lastKnownFileType = wrapper.xcmappingmodel; path = GymBuddyMappingModel1.1.xcmappingmodel; sourceTree = "<group>"; };
		D6715FCA1CCC3E88007AAA62 /* GymBuddyMappingModel1.2.xcmappingmodel */ = {isa = PBXFileReference; lastKnownFileType = wrapper.xcmappingmodel; path = GymBuddyMappingModel1.2.xcmappingmodel; sourceTree = "<group>"; };
		D6715FCB1CCC3E88007AAA62 /* GymBuddyMappingModel1.3.xcmappingmodel */ = {isa = PBXFileReference; lastKnownFileType = wrapper.xcmappingmodel; path = GymBuddyMappingModel1.3.xcmappingmodel; sourceTree = "<group>"; };
		D67E166E18B31C97001E9257 /* icon-small.png */ = {isa = PBXFileReference; lastKnownFileType = image.png; path = "icon-small.png"; sourceTree = SOURCE_ROOT; };
		D67E166F18B31C97001E9257 /* icon-big.png */ = {isa = PBXFileReference; lastKnownFileType = image.png; path = "icon-big.png"; sourceTree = SOURCE_ROOT; };
		D68F6DC61B07C3EC00F99E3F /* LogbookEntryViewController.swift */ = {isa = PBXFileReference; fileEncoding = 4; lastKnownFileType = sourcecode.swift; name = LogbookEntryViewController.swift; path = controllers/LogbookEntryViewController.swift; sourceTree = SOURCE_ROOT; };
		D68F6DC81B0844D000F99E3F /* LogbookViewController.swift */ = {isa = PBXFileReference; fileEncoding = 4; lastKnownFileType = sourcecode.swift; name = LogbookViewController.swift; path = controllers/LogbookViewController.swift; sourceTree = SOURCE_ROOT; };
		D68F6DCA1B08E9AB00F99E3F /* ExerciseLogCell.swift */ = {isa = PBXFileReference; fileEncoding = 4; lastKnownFileType = sourcecode.swift; name = ExerciseLogCell.swift; path = controllers/ExerciseLogCell.swift; sourceTree = SOURCE_ROOT; };
		D68F6DCC1B08EA2000F99E3F /* WorkoutLogCell.swift */ = {isa = PBXFileReference; fileEncoding = 4; lastKnownFileType = sourcecode.swift; name = WorkoutLogCell.swift; path = controllers/WorkoutLogCell.swift; sourceTree = SOURCE_ROOT; };
		D68F6DD21B09900600F99E3F /* LineChart.swift */ = {isa = PBXFileReference; fileEncoding = 4; lastKnownFileType = sourcecode.swift; name = LineChart.swift; path = controllers/LineChart.swift; sourceTree = SOURCE_ROOT; };
		D6A4EDD11CCBFDBA00709F2C /* CloudKit.framework */ = {isa = PBXFileReference; lastKnownFileType = wrapper.framework; name = CloudKit.framework; path = System/Library/Frameworks/CloudKit.framework; sourceTree = SDKROOT; };
		D6A4EDDE1CCC0B4700709F2C /* CoreData.framework */ = {isa = PBXFileReference; lastKnownFileType = wrapper.framework; name = CoreData.framework; path = Platforms/WatchOS.platform/Developer/SDKs/WatchOS2.2.sdk/System/Library/Frameworks/CoreData.framework; sourceTree = DEVELOPER_DIR; };
		D6B088A71AF1280800962EDB /* NSData+GZIP.swift */ = {isa = PBXFileReference; fileEncoding = 4; lastKnownFileType = sourcecode.swift; path = "NSData+GZIP.swift"; sourceTree = SOURCE_ROOT; };
		D6B174CF1AFA5043009E40D3 /* Info.plist */ = {isa = PBXFileReference; lastKnownFileType = text.plist.xml; path = Info.plist; sourceTree = "<group>"; };
		D6B174D01AFA5043009E40D3 /* InterfaceController.swift */ = {isa = PBXFileReference; lastKnownFileType = sourcecode.swift; path = InterfaceController.swift; sourceTree = "<group>"; };
		D6B174DC1AFA5043009E40D3 /* Info.plist */ = {isa = PBXFileReference; lastKnownFileType = text.plist.xml; path = Info.plist; sourceTree = "<group>"; };
		D6B174DE1AFA5043009E40D3 /* Base */ = {isa = PBXFileReference; lastKnownFileType = file.storyboard; name = Base; path = Base.lproj/Interface.storyboard; sourceTree = "<group>"; };
		D6B174E01AFA5043009E40D3 /* Images.xcassets */ = {isa = PBXFileReference; lastKnownFileType = folder.assetcatalog; path = Images.xcassets; sourceTree = "<group>"; };
		D6B174ED1AFA5252009E40D3 /* WorkoutCellType.swift */ = {isa = PBXFileReference; fileEncoding = 4; lastKnownFileType = sourcecode.swift; path = WorkoutCellType.swift; sourceTree = "<group>"; };
		D6B174EE1AFA5252009E40D3 /* WorkoutInterfaceController.swift */ = {isa = PBXFileReference; fileEncoding = 4; lastKnownFileType = sourcecode.swift; path = WorkoutInterfaceController.swift; sourceTree = "<group>"; };
		D6B174EF1AFA5252009E40D3 /* WorkoutSelectorController.swift */ = {isa = PBXFileReference; fileEncoding = 4; lastKnownFileType = sourcecode.swift; path = WorkoutSelectorController.swift; sourceTree = "<group>"; };
		D6B174F01AFA5252009E40D3 /* WorkoutStartController.swift */ = {isa = PBXFileReference; fileEncoding = 4; lastKnownFileType = sourcecode.swift; path = WorkoutStartController.swift; sourceTree = "<group>"; };
		D6B59827187078340077C3D0 /* MainStoryboard-Autolayout.storyboard */ = {isa = PBXFileReference; fileEncoding = 4; lastKnownFileType = file.storyboard; path = "MainStoryboard-Autolayout.storyboard"; sourceTree = SOURCE_ROOT; };
		D6BC798A18CAAFB4000CEAFB /* PassKit.framework */ = {isa = PBXFileReference; lastKnownFileType = wrapper.framework; name = PassKit.framework; path = System/Library/Frameworks/PassKit.framework; sourceTree = SDKROOT; };
		D6C0AE8518975566004F599E /* WorkoutControlerComponent.xib */ = {isa = PBXFileReference; fileEncoding = 4; lastKnownFileType = file.xib; path = WorkoutControlerComponent.xib; sourceTree = SOURCE_ROOT; };
		D6C26B2A14F15A710068DEA5 /* libz.dylib */ = {isa = PBXFileReference; lastKnownFileType = "compiled.mach-o.dylib"; name = libz.dylib; path = usr/lib/libz.dylib; sourceTree = SDKROOT; };
		D6C2CA12170E6BB400BA02DA /* CoreDataTableViewController.h */ = {isa = PBXFileReference; fileEncoding = 4; lastKnownFileType = sourcecode.c.h; name = CoreDataTableViewController.h; path = FitBuddy/Components/CoreDataTableViewController.h; sourceTree = SOURCE_ROOT; };
		D6C2CA13170E6BB400BA02DA /* CoreDataTableViewController.m */ = {isa = PBXFileReference; fileEncoding = 4; lastKnownFileType = sourcecode.c.objc; name = CoreDataTableViewController.m; path = FitBuddy/Components/CoreDataTableViewController.m; sourceTree = SOURCE_ROOT; };
		D6C2CA16170E6BB400BA02DA /* FitBuddyMacros.h */ = {isa = PBXFileReference; fileEncoding = 4; lastKnownFileType = sourcecode.c.h; name = FitBuddyMacros.h; path = FitBuddy/Components/FitBuddyMacros.h; sourceTree = SOURCE_ROOT; };
		D6C2CA17170E6BB400BA02DA /* NSData+CocoaDevUsersAdditions.h */ = {isa = PBXFileReference; fileEncoding = 4; lastKnownFileType = sourcecode.c.h; name = "NSData+CocoaDevUsersAdditions.h"; path = "FitBuddy/Components/NSData+CocoaDevUsersAdditions.h"; sourceTree = SOURCE_ROOT; };
		D6C2CA18170E6BB400BA02DA /* NSData+CocoaDevUsersAdditions.m */ = {isa = PBXFileReference; fileEncoding = 4; lastKnownFileType = sourcecode.c.objc; name = "NSData+CocoaDevUsersAdditions.m"; path = "FitBuddy/Components/NSData+CocoaDevUsersAdditions.m"; sourceTree = SOURCE_ROOT; };
		D6C2CA49170E6C4000BA02DA /* ExerciseControlController.h */ = {isa = PBXFileReference; fileEncoding = 4; lastKnownFileType = sourcecode.c.h; name = ExerciseControlController.h; path = FitBuddy/MainViewControllers/ExerciseControlController.h; sourceTree = SOURCE_ROOT; };
		D6C2CA4A170E6C4000BA02DA /* ExerciseControlController.m */ = {isa = PBXFileReference; fileEncoding = 4; lastKnownFileType = sourcecode.c.objc; name = ExerciseControlController.m; path = FitBuddy/MainViewControllers/ExerciseControlController.m; sourceTree = SOURCE_ROOT; };
		D6C2CA4D170E6C4000BA02DA /* ExerciseListTableViewController.h */ = {isa = PBXFileReference; fileEncoding = 4; lastKnownFileType = sourcecode.c.h; name = ExerciseListTableViewController.h; path = FitBuddy/MainViewControllers/ExerciseListTableViewController.h; sourceTree = SOURCE_ROOT; };
		D6C2CA4E170E6C4000BA02DA /* ExerciseListTableViewController.m */ = {isa = PBXFileReference; fileEncoding = 4; lastKnownFileType = sourcecode.c.objc; name = ExerciseListTableViewController.m; path = FitBuddy/MainViewControllers/ExerciseListTableViewController.m; sourceTree = SOURCE_ROOT; };
		D6C2CA59170E6C4000BA02DA /* WorkoutAddViewController.h */ = {isa = PBXFileReference; fileEncoding = 4; lastKnownFileType = sourcecode.c.h; name = WorkoutAddViewController.h; path = FitBuddy/MainViewControllers/WorkoutAddViewController.h; sourceTree = SOURCE_ROOT; };
		D6C2CA5A170E6C4000BA02DA /* WorkoutAddViewController.m */ = {isa = PBXFileReference; fileEncoding = 4; lastKnownFileType = sourcecode.c.objc; name = WorkoutAddViewController.m; path = FitBuddy/MainViewControllers/WorkoutAddViewController.m; sourceTree = SOURCE_ROOT; };
		D6C2CA6D170E6C8800BA02DA /* WorkoutSummaryViewController.h */ = {isa = PBXFileReference; fileEncoding = 4; lastKnownFileType = sourcecode.c.h; path = WorkoutSummaryViewController.h; sourceTree = "<group>"; };
		D6C2CA6E170E6C8800BA02DA /* WorkoutSummaryViewController.m */ = {isa = PBXFileReference; fileEncoding = 4; lastKnownFileType = sourcecode.c.objc; path = WorkoutSummaryViewController.m; sourceTree = "<group>"; };
		D6C2CB04170E6D2500BA02DA /* FitBuddy-Info.plist */ = {isa = PBXFileReference; fileEncoding = 4; lastKnownFileType = text.plist.xml; name = "FitBuddy-Info.plist"; path = "FitBuddy/FitBuddy-Info.plist"; sourceTree = SOURCE_ROOT; };
		D6C2CB05170E6D2500BA02DA /* FitBuddy-Prefix.pch */ = {isa = PBXFileReference; fileEncoding = 4; lastKnownFileType = sourcecode.c.h; name = "FitBuddy-Prefix.pch"; path = "FitBuddy/FitBuddy-Prefix.pch"; sourceTree = SOURCE_ROOT; };
		D6C2CB0B170E6D5300BA02DA /* en */ = {isa = PBXFileReference; lastKnownFileType = text.plist.strings; name = en; path = InfoPlist.strings; sourceTree = "<group>"; };
		D6C49F871901FECC001A8E41 /* AVFoundation.framework */ = {isa = PBXFileReference; lastKnownFileType = wrapper.framework; name = AVFoundation.framework; path = System/Library/Frameworks/AVFoundation.framework; sourceTree = SDKROOT; };
		D6C49F891901FF68001A8E41 /* CoreImage.framework */ = {isa = PBXFileReference; lastKnownFileType = wrapper.framework; name = CoreImage.framework; path = System/Library/Frameworks/CoreImage.framework; sourceTree = SDKROOT; };
		D6CEC98A14DA6A6C002DC3B0 /* CoreData.framework */ = {isa = PBXFileReference; lastKnownFileType = wrapper.framework; name = CoreData.framework; path = System/Library/Frameworks/CoreData.framework; sourceTree = SDKROOT; };
		D6D32F7A1AED6B020057F00B /* AppDelegate.swift */ = {isa = PBXFileReference; fileEncoding = 4; lastKnownFileType = sourcecode.swift; path = AppDelegate.swift; sourceTree = SOURCE_ROOT; };
		D6D32F7D1AED6C580057F00B /* WorkoutViewController.swift */ = {isa = PBXFileReference; fileEncoding = 4; lastKnownFileType = sourcecode.swift; path = WorkoutViewController.swift; sourceTree = SOURCE_ROOT; };
		D6D32FB21AF04C900057F00B /* WatchKit.framework */ = {isa = PBXFileReference; lastKnownFileType = wrapper.framework; name = WatchKit.framework; path = System/Library/Frameworks/WatchKit.framework; sourceTree = SDKROOT; };
		D6DA9A0E1AF6FA740009E2B6 /* libc++.dylib */ = {isa = PBXFileReference; lastKnownFileType = "compiled.mach-o.dylib"; name = "libc++.dylib"; path = "usr/lib/libc++.dylib"; sourceTree = SDKROOT; };
		D6E6F4411AFE8F3C00FB4BA8 /* FitBuddy-Bridging-Header.h */ = {isa = PBXFileReference; fileEncoding = 4; lastKnownFileType = sourcecode.c.h; path = "FitBuddy-Bridging-Header.h"; sourceTree = "<group>"; };
		D6FC8CC51CCC482500799539 /* GymBuddyModel0.0.xcdatamodel */ = {isa = PBXFileReference; lastKnownFileType = wrapper.xcdatamodel; path = GymBuddyModel0.0.xcdatamodel; sourceTree = "<group>"; };
		D6FC8CC61CCC482500799539 /* GymBuddyModel1. 4.xcdatamodel */ = {isa = PBXFileReference; lastKnownFileType = wrapper.xcdatamodel; path = "GymBuddyModel1. 4.xcdatamodel"; sourceTree = "<group>"; };
		D6FC8CC71CCC482500799539 /* GymBuddyModel1.0.xcdatamodel */ = {isa = PBXFileReference; lastKnownFileType = wrapper.xcdatamodel; path = GymBuddyModel1.0.xcdatamodel; sourceTree = "<group>"; };
		D6FC8CC81CCC482500799539 /* GymBuddyModel1.1.xcdatamodel */ = {isa = PBXFileReference; lastKnownFileType = wrapper.xcdatamodel; path = GymBuddyModel1.1.xcdatamodel; sourceTree = "<group>"; };
		D6FC8CC91CCC482500799539 /* GymBuddyModel1.2.xcdatamodel */ = {isa = PBXFileReference; lastKnownFileType = wrapper.xcdatamodel; path = GymBuddyModel1.2.xcdatamodel; sourceTree = "<group>"; };
		D6FC8CCA1CCC482500799539 /* GymBuddyModel1.3.xcdatamodel */ = {isa = PBXFileReference; lastKnownFileType = wrapper.xcdatamodel; path = GymBuddyModel1.3.xcdatamodel; sourceTree = "<group>"; };
		D6FC8CCB1CCC482500799539 /* GymBuddyModel1.4.1.xcdatamodel */ = {isa = PBXFileReference; lastKnownFileType = wrapper.xcdatamodel; path = GymBuddyModel1.4.1.xcdatamodel; sourceTree = "<group>"; };
		D6FC8CCC1CCC482500799539 /* GymBuddyModel1.4.2.xcdatamodel */ = {isa = PBXFileReference; lastKnownFileType = wrapper.xcdatamodel; path = GymBuddyModel1.4.2.xcdatamodel; sourceTree = "<group>"; };
		D6FC8CCD1CCC482500799539 /* GymBuddyModel1.4.3.xcdatamodel */ = {isa = PBXFileReference; lastKnownFileType = wrapper.xcdatamodel; path = GymBuddyModel1.4.3.xcdatamodel; sourceTree = "<group>"; };
		D6FC8CCE1CCC482500799539 /* GymBuddyModel1.4.4.xcdatamodel */ = {isa = PBXFileReference; lastKnownFileType = wrapper.xcdatamodel; path = GymBuddyModel1.4.4.xcdatamodel; sourceTree = "<group>"; };
		D6FC8CCF1CCC482500799539 /* GymBuddyModel1.4.5.xcdatamodel */ = {isa = PBXFileReference; lastKnownFileType = wrapper.xcdatamodel; path = GymBuddyModel1.4.5.xcdatamodel; sourceTree = "<group>"; };
		D6FF1D141870B50A004A1D2A /* Images.xcassets */ = {isa = PBXFileReference; lastKnownFileType = folder.assetcatalog; name = Images.xcassets; path = FitBuddy/Images.xcassets; sourceTree = SOURCE_ROOT; };
/* End PBXFileReference section */

/* Begin PBXFrameworksBuildPhase section */
		D60B4CB614D7A888001ECCE3 /* Frameworks */ = {
			isa = PBXFrameworksBuildPhase;
			buildActionMask = 2147483647;
			files = (
				D64C4D2C1CCFABEA00BE675A /* FitBuddyCommon.framework in Frameworks */,
				D64C4D2D1CCFABEA00BE675A /* FitBuddyModel.framework in Frameworks */,
				D6C26B2B14F15A710068DEA5 /* libz.dylib in Frameworks */,
				D63E445818AB2DA500A13883 /* QuartzCore.framework in Frameworks */,
				D60B4CC214D7A888001ECCE3 /* CoreGraphics.framework in Frameworks */,
				D6C49F8A1901FF68001A8E41 /* CoreImage.framework in Frameworks */,
				D6C49F881901FECC001A8E41 /* AVFoundation.framework in Frameworks */,
				D6A4EDD21CCBFDBA00709F2C /* CloudKit.framework in Frameworks */,
				D6CEC98B14DA6A6C002DC3B0 /* CoreData.framework in Frameworks */,
				D60B4CBE14D7A888001ECCE3 /* UIKit.framework in Frameworks */,
				D60B4CC014D7A888001ECCE3 /* Foundation.framework in Frameworks */,
				D655261418CC5BFB00AF55A6 /* Security.framework in Frameworks */,
			);
			runOnlyForDeploymentPostprocessing = 0;
		};
		D687906E1AF927AF00D8E6DE /* Frameworks */ = {
			isa = PBXFrameworksBuildPhase;
			buildActionMask = 2147483647;
			files = (
			);
			runOnlyForDeploymentPostprocessing = 0;
		};
		D68790791AF927B000D8E6DE /* Frameworks */ = {
			isa = PBXFrameworksBuildPhase;
			buildActionMask = 2147483647;
			files = (
			);
			runOnlyForDeploymentPostprocessing = 0;
		};
		D6B174C91AFA5043009E40D3 /* Frameworks */ = {
			isa = PBXFrameworksBuildPhase;
			buildActionMask = 2147483647;
			files = (
				D6A4EDDF1CCC0B4700709F2C /* CoreData.framework in Frameworks */,
			);
			runOnlyForDeploymentPostprocessing = 0;
		};
		D6DC0D3A1AF8FC6D00988D65 /* Frameworks */ = {
			isa = PBXFrameworksBuildPhase;
			buildActionMask = 2147483647;
			files = (
				D64C4D311CCFADD800BE675A /* FitBuddyCommon.framework in Frameworks */,
				D666BE0D1AF929CF00256911 /* CoreData.framework in Frameworks */,
			);
			runOnlyForDeploymentPostprocessing = 0;
		};
		D6DC0D451AF8FC6D00988D65 /* Frameworks */ = {
			isa = PBXFrameworksBuildPhase;
			buildActionMask = 2147483647;
			files = (
			);
			runOnlyForDeploymentPostprocessing = 0;
		};
/* End PBXFrameworksBuildPhase section */

/* Begin PBXGroup section */
		D601921018AFDF1300255256 /* Demo */ = {
			isa = PBXGroup;
			children = (
				D601920D18AFDF0C00255256 /* DemoViewController.h */,
				D601920E18AFDF0C00255256 /* DemoViewController.m */,
				D601921118AFDF6F00255256 /* DemoContentViewController.h */,
				D601921218AFDF6F00255256 /* DemoContentViewController.m */,
			);
			name = Demo;
			sourceTree = "<group>";
		};
		D60B4CAE14D7A888001ECCE3 = {
			isa = PBXGroup;
			children = (
				D64C4D231CCFAB9C00BE675A /* FitBuddyCommon.xcodeproj */,
				D64C4D191CCFAB7400BE675A /* FitBuddyModel.xcodeproj */,
				D6570A7A1B041E0D00DD945A /* FitBuddy.entitlements */,
				D62D027D1B0418CC00A6641B /* FitBuddy WatchKit Extension.entitlements */,
				D60B4CC314D7A888001ECCE3 /* FitBuddy (obj-c) */,
				D6D32F7C1AED6BD60057F00B /* FitBuddy (Swift) */,
				D6715FC71CCC3E3C007AAA62 /* schema */,
				D6454FBE1AF7C0C0008291A8 /* Watchkit Interface */,
				D60B4CBC14D7A888001ECCE3 /* Frameworks */,
				D6135CD3151027D30055F337 /* FitBuddy.app */,
				D6715FB11CCC2ECC007AAA62 /* FitBuddy WatchKit Extension.appex */,
				D6715FB21CCC2ECC007AAA62 /* FitBuddy WatchKit App.app */,
				D64C4D151CCFAB2A00BE675A /* FitBuddyModel.framework */,
				D64C4D161CCFAB2A00BE675A /* FitBuddyCommon.framework */,
				D64C4D171CCFAB2A00BE675A /* FitBuddyModelTests.xctest */,
				D64C4D181CCFAB2A00BE675A /* FitBuddyCommonTests.xctest */,
			);
			sourceTree = "<group>";
		};
		D60B4CBC14D7A888001ECCE3 /* Frameworks */ = {
			isa = PBXGroup;
			children = (
				D6A4EDDE1CCC0B4700709F2C /* CoreData.framework */,
				D6A4EDD11CCBFDBA00709F2C /* CloudKit.framework */,
				D6DA9A0E1AF6FA740009E2B6 /* libc++.dylib */,
				D6D32FB21AF04C900057F00B /* WatchKit.framework */,
				D6C49F891901FF68001A8E41 /* CoreImage.framework */,
				D6C49F871901FECC001A8E41 /* AVFoundation.framework */,
				D655261318CC5BFB00AF55A6 /* Security.framework */,
				D655261118CC5BC900AF55A6 /* CoreLocation.framework */,
				D6BC798A18CAAFB4000CEAFB /* PassKit.framework */,
				D63E445718AB2DA500A13883 /* QuartzCore.framework */,
				D6CEC98A14DA6A6C002DC3B0 /* CoreData.framework */,
				D60B4CBD14D7A888001ECCE3 /* UIKit.framework */,
				D60B4CBF14D7A888001ECCE3 /* Foundation.framework */,
				D60B4CC114D7A888001ECCE3 /* CoreGraphics.framework */,
			);
			name = Frameworks;
			sourceTree = "<group>";
		};
		D60B4CC314D7A888001ECCE3 /* FitBuddy (obj-c) */ = {
			isa = PBXGroup;
			children = (
				D696191B18A6AC8B002FE7C2 /* AppDelegate */,
				D6C2CA65170E6C4C00BA02DA /* MainViewControllers */,
				D625E85818B00D5600FFE96D /* New Workout Mode */,
				D6C2CA68170E6C8800BA02DA /* WorkoutModeControllers */,
				D696191A18A6A9C4002FE7C2 /* Utilities */,
				D67825D614E583B600C00BD4 /* Components */,
				D67825D714E583E600C00BD4 /* Storyboards */,
				D60B4CC414D7A888001ECCE3 /* Supporting Files */,
				D601921018AFDF1300255256 /* Demo */,
			);
			name = "FitBuddy (obj-c)";
			path = GymBuddy;
			sourceTree = SOURCE_ROOT;
		};
		D60B4CC414D7A888001ECCE3 /* Supporting Files */ = {
			isa = PBXGroup;
			children = (
				D67E166E18B31C97001E9257 /* icon-small.png */,
				D67E166F18B31C97001E9257 /* icon-big.png */,
				D6C2CB09170E6D5300BA02DA /* en.lproj */,
				D6C2CB04170E6D2500BA02DA /* FitBuddy-Info.plist */,
				D6C2CB05170E6D2500BA02DA /* FitBuddy-Prefix.pch */,
				D6C26B2A14F15A710068DEA5 /* libz.dylib */,
			);
			name = "Supporting Files";
			sourceTree = "<group>";
		};
		D616376F1CCED37800D5AC03 /* components */ = {
			isa = PBXGroup;
			children = (
				D616376D1CCECFF400D5AC03 /* SwitchCell.swift */,
				D68F6DCA1B08E9AB00F99E3F /* ExerciseLogCell.swift */,
				D68F6DCC1B08EA2000F99E3F /* WorkoutLogCell.swift */,
				D616376B1CCD244600D5AC03 /* CoreDataTableController.swift */,
			);
			name = components;
			sourceTree = "<group>";
		};
		D625E85818B00D5600FFE96D /* New Workout Mode */ = {
			isa = PBXGroup;
			children = (
				D625E86518B00ED900FFE96D /* WorkoutModeParentController2.h */,
				D625E86618B00ED900FFE96D /* WorkoutModeParentController2.m */,
				D625E86718B00ED900FFE96D /* WorkoutModeViewController2.h */,
				D625E86818B00ED900FFE96D /* WorkoutModeViewController2.m */,
			);
			name = "New Workout Mode";
			path = ../FitBuddy/WorkoutModeControllers;
			sourceTree = "<group>";
		};
		D6454FBE1AF7C0C0008291A8 /* Watchkit Interface */ = {
			isa = PBXGroup;
			children = (
				D6B174CD1AFA5043009E40D3 /* FitBuddy WatchKit Extension */,
				D6B174DA1AFA5043009E40D3 /* FitBuddy WatchKit App */,
			);
			name = "Watchkit Interface";
			sourceTree = "<group>";
		};
		D64C4D1A1CCFAB7400BE675A /* Products */ = {
			isa = PBXGroup;
			children = (
				D64C4D201CCFAB7400BE675A /* FitBuddyModel.framework */,
				D64C4D221CCFAB7400BE675A /* FitBuddyModel.xctest */,
			);
			name = Products;
			sourceTree = "<group>";
		};
		D64C4D241CCFAB9C00BE675A /* Products */ = {
			isa = PBXGroup;
			children = (
				D64C4D291CCFAB9C00BE675A /* FitBuddyCommon.framework */,
				D64C4D2B1CCFAB9C00BE675A /* FitBuddyCommonTests.xctest */,
			);
			name = Products;
			sourceTree = "<group>";
		};
		D6715FC71CCC3E3C007AAA62 /* schema */ = {
			isa = PBXGroup;
			children = (
				D6FC8CC41CCC482500799539 /* GymBuddyModel.xcdatamodeld */,
				D6715FC81CCC3E88007AAA62 /* GymBuddyMappingModel1.0.xcmappingmodel */,
				D6715FC91CCC3E88007AAA62 /* GymBuddyMappingModel1.1.xcmappingmodel */,
				D6715FCA1CCC3E88007AAA62 /* GymBuddyMappingModel1.2.xcmappingmodel */,
				D6715FCB1CCC3E88007AAA62 /* GymBuddyMappingModel1.3.xcmappingmodel */,
			);
			path = schema;
			sourceTree = "<group>";
		};
		D67825D614E583B600C00BD4 /* Components */ = {
			isa = PBXGroup;
			children = (
				D6C2CA12170E6BB400BA02DA /* CoreDataTableViewController.h */,
				D6C2CA13170E6BB400BA02DA /* CoreDataTableViewController.m */,
			);
			name = Components;
			sourceTree = "<group>";
		};
		D67825D714E583E600C00BD4 /* Storyboards */ = {
			isa = PBXGroup;
			children = (
				D6FF1D141870B50A004A1D2A /* Images.xcassets */,
				D601921418AFE01600255256 /* Demo.xcassets */,
				D6B59827187078340077C3D0 /* MainStoryboard-Autolayout.storyboard */,
				D6C0AE8518975566004F599E /* WorkoutControlerComponent.xib */,
			);
			name = Storyboards;
			sourceTree = "<group>";
		};
		D696191A18A6A9C4002FE7C2 /* Utilities */ = {
			isa = PBXGroup;
			children = (
				D6C2CA16170E6BB400BA02DA /* FitBuddyMacros.h */,
				D6C2CA17170E6BB400BA02DA /* NSData+CocoaDevUsersAdditions.h */,
				D6C2CA18170E6BB400BA02DA /* NSData+CocoaDevUsersAdditions.m */,
			);
			name = Utilities;
			sourceTree = "<group>";
		};
		D696191B18A6AC8B002FE7C2 /* AppDelegate */ = {
			isa = PBXGroup;
			children = (
				D6E6F4411AFE8F3C00FB4BA8 /* FitBuddy-Bridging-Header.h */,
			);
			name = AppDelegate;
			sourceTree = "<group>";
		};
		D6ABF8461B0A260D004FB4A3 /* chart */ = {
			isa = PBXGroup;
			children = (
				D66F5D1E1B15122400049FDD /* LogbookTableData.swift */,
				D66F5D1C1B14B3C500049FDD /* LogbookChartData.swift */,
				D68F6DD21B09900600F99E3F /* LineChart.swift */,
			);
			name = chart;
			path = controllers/chart;
			sourceTree = SOURCE_ROOT;
		};
		D6B088A61AF127DD00962EDB /* utilities */ = {
			isa = PBXGroup;
			children = (
				D6B088A71AF1280800962EDB /* NSData+GZIP.swift */,
			);
			name = utilities;
			sourceTree = "<group>";
		};
		D6B174CD1AFA5043009E40D3 /* FitBuddy WatchKit Extension */ = {
			isa = PBXGroup;
			children = (
				D6B174ED1AFA5252009E40D3 /* WorkoutCellType.swift */,
				D6B174EE1AFA5252009E40D3 /* WorkoutInterfaceController.swift */,
				D6B174EF1AFA5252009E40D3 /* WorkoutSelectorController.swift */,
				D6B174F01AFA5252009E40D3 /* WorkoutStartController.swift */,
				D62DB82C1AFBD12B00EA5A55 /* AlertViewController.swift */,
				D6B174D01AFA5043009E40D3 /* InterfaceController.swift */,
				D6B174CE1AFA5043009E40D3 /* Supporting Files */,
			);
			path = "FitBuddy WatchKit Extension";
			sourceTree = "<group>";
		};
		D6B174CE1AFA5043009E40D3 /* Supporting Files */ = {
			isa = PBXGroup;
			children = (
				D6B174CF1AFA5043009E40D3 /* Info.plist */,
			);
			name = "Supporting Files";
			sourceTree = "<group>";
		};
		D6B174DA1AFA5043009E40D3 /* FitBuddy WatchKit App */ = {
			isa = PBXGroup;
			children = (
				D6B174DD1AFA5043009E40D3 /* Interface.storyboard */,
				D6B174E01AFA5043009E40D3 /* Images.xcassets */,
				D6B174DB1AFA5043009E40D3 /* Supporting Files */,
			);
			path = "FitBuddy WatchKit App";
			sourceTree = "<group>";
		};
		D6B174DB1AFA5043009E40D3 /* Supporting Files */ = {
			isa = PBXGroup;
			children = (
				D6B174DC1AFA5043009E40D3 /* Info.plist */,
			);
			name = "Supporting Files";
			sourceTree = "<group>";
		};
		D6C2CA65170E6C4C00BA02DA /* MainViewControllers */ = {
			isa = PBXGroup;
			children = (
				D6C2CA49170E6C4000BA02DA /* ExerciseControlController.h */,
				D6C2CA4A170E6C4000BA02DA /* ExerciseControlController.m */,
				D6C2CA4D170E6C4000BA02DA /* ExerciseListTableViewController.h */,
				D6C2CA4E170E6C4000BA02DA /* ExerciseListTableViewController.m */,
			);
			name = MainViewControllers;
			sourceTree = "<group>";
		};
		D6C2CA68170E6C8800BA02DA /* WorkoutModeControllers */ = {
			isa = PBXGroup;
			children = (
				D6C2CA6D170E6C8800BA02DA /* WorkoutSummaryViewController.h */,
				D6C2CA6E170E6C8800BA02DA /* WorkoutSummaryViewController.m */,
				D6C2CA59170E6C4000BA02DA /* WorkoutAddViewController.h */,
				D6C2CA5A170E6C4000BA02DA /* WorkoutAddViewController.m */,
			);
			name = WorkoutModeControllers;
			path = FitBuddy/WorkoutModeControllers;
			sourceTree = SOURCE_ROOT;
		};
		D6C2CB09170E6D5300BA02DA /* en.lproj */ = {
			isa = PBXGroup;
			children = (
				D6C2CB0A170E6D5300BA02DA /* InfoPlist.strings */,
			);
			name = en.lproj;
			path = FitBuddy/en.lproj;
			sourceTree = SOURCE_ROOT;
		};
		D6D32F7C1AED6BD60057F00B /* FitBuddy (Swift) */ = {
			isa = PBXGroup;
			children = (
				D616376F1CCED37800D5AC03 /* components */,
				D6ABF8461B0A260D004FB4A3 /* chart */,
				D6D32F7A1AED6B020057F00B /* AppDelegate.swift */,
				D64C4D321CCFB00200BE675A /* ExerciseAddViewController.swift */,
				D64C4D361CCFB9A600BE675A /* ExerciseEditViewController.swift */,
				D60910581B014DA2001D86C9 /* SettingsViewController.swift */,
				D609105C1B015A35001D86C9 /* SettingsIncrementViewController.swift */,
				D68F6DC81B0844D000F99E3F /* LogbookViewController.swift */,
				D68F6DC61B07C3EC00F99E3F /* LogbookEntryViewController.swift */,
				D64C4D0A1CCF9D0400BE675A /* NotesEditorViewController.swift */,
				D6D32F7D1AED6C580057F00B /* WorkoutViewController.swift */,
				D6B088A61AF127DD00962EDB /* utilities */,
			);
			name = "FitBuddy (Swift)";
			path = GymBuddy;
			sourceTree = "<group>";
		};
/* End PBXGroup section */

/* Begin PBXHeadersBuildPhase section */
		D687906F1AF927AF00D8E6DE /* Headers */ = {
			isa = PBXHeadersBuildPhase;
			buildActionMask = 2147483647;
			files = (
			);
			runOnlyForDeploymentPostprocessing = 0;
		};
		D6DC0D3B1AF8FC6D00988D65 /* Headers */ = {
			isa = PBXHeadersBuildPhase;
			buildActionMask = 2147483647;
			files = (
			);
			runOnlyForDeploymentPostprocessing = 0;
		};
/* End PBXHeadersBuildPhase section */

/* Begin PBXNativeTarget section */
		D60B4CB814D7A888001ECCE3 /* FitBuddy */ = {
			isa = PBXNativeTarget;
			buildConfigurationList = D60B4CDA14D7A888001ECCE3 /* Build configuration list for PBXNativeTarget "FitBuddy" */;
			buildPhases = (
				D60B4CB514D7A888001ECCE3 /* Sources */,
				D60B4CB614D7A888001ECCE3 /* Frameworks */,
				D60B4CB714D7A888001ECCE3 /* Resources */,
				D6A4EDD01CCBFA2100709F2C /* Embed Watch Content */,
				D6715FC21CCC3DAA007AAA62 /* CopyFiles */,
			);
			buildRules = (
			);
			dependencies = (
			);
			name = FitBuddy;
			productName = GymBuddy;
			productReference = D6135CD3151027D30055F337 /* FitBuddy.app */;
			productType = "com.apple.product-type.application";
		};
		D68790711AF927AF00D8E6DE /* FitBuddyCommon */ = {
			isa = PBXNativeTarget;
			buildConfigurationList = D687908B1AF927B000D8E6DE /* Build configuration list for PBXNativeTarget "FitBuddyCommon" */;
			buildPhases = (
				D687906D1AF927AF00D8E6DE /* Sources */,
				D687906E1AF927AF00D8E6DE /* Frameworks */,
				D687906F1AF927AF00D8E6DE /* Headers */,
				D68790701AF927AF00D8E6DE /* Resources */,
			);
			buildRules = (
			);
			dependencies = (
			);
			name = FitBuddyCommon;
			productName = FitBuddyCommon;
			productReference = D64C4D161CCFAB2A00BE675A /* FitBuddyCommon.framework */;
			productType = "com.apple.product-type.framework";
		};
		D687907B1AF927B000D8E6DE /* FitBuddyCommonTests */ = {
			isa = PBXNativeTarget;
			buildConfigurationList = D687908F1AF927B000D8E6DE /* Build configuration list for PBXNativeTarget "FitBuddyCommonTests" */;
			buildPhases = (
				D68790781AF927B000D8E6DE /* Sources */,
				D68790791AF927B000D8E6DE /* Frameworks */,
				D687907A1AF927B000D8E6DE /* Resources */,
			);
			buildRules = (
			);
			dependencies = (
				D687907F1AF927B000D8E6DE /* PBXTargetDependency */,
				D68790811AF927B000D8E6DE /* PBXTargetDependency */,
			);
			name = FitBuddyCommonTests;
			productName = FitBuddyCommonTests;
			productReference = D64C4D181CCFAB2A00BE675A /* FitBuddyCommonTests.xctest */;
			productType = "com.apple.product-type.bundle.unit-test";
		};
		D6B174CB1AFA5043009E40D3 /* FitBuddy WatchKit Extension */ = {
			isa = PBXNativeTarget;
			buildConfigurationList = D6B174E91AFA5044009E40D3 /* Build configuration list for PBXNativeTarget "FitBuddy WatchKit Extension" */;
			buildPhases = (
				D6B174C81AFA5043009E40D3 /* Sources */,
				D6B174C91AFA5043009E40D3 /* Frameworks */,
				D6B174CA1AFA5043009E40D3 /* Resources */,
			);
			buildRules = (
			);
			dependencies = (
			);
			name = "FitBuddy WatchKit Extension";
			productName = "FitBuddy WatchKit Extension";
			productReference = D6715FB11CCC2ECC007AAA62 /* FitBuddy WatchKit Extension.appex */;
			productType = "com.apple.product-type.watchkit2-extension";
		};
		D6B174D51AFA5043009E40D3 /* FitBuddy WatchKit App */ = {
			isa = PBXNativeTarget;
			buildConfigurationList = D6B174E51AFA5044009E40D3 /* Build configuration list for PBXNativeTarget "FitBuddy WatchKit App" */;
			buildPhases = (
				D6B174D41AFA5043009E40D3 /* Resources */,
				D6A4EDCF1CCBFA2100709F2C /* Embed App Extensions */,
			);
			buildRules = (
			);
			dependencies = (
				D6A4EDCA1CCBFA2100709F2C /* PBXTargetDependency */,
			);
			name = "FitBuddy WatchKit App";
			productName = "FitBuddy WatchKit App";
			productReference = D6715FB21CCC2ECC007AAA62 /* FitBuddy WatchKit App.app */;
			productType = "com.apple.product-type.application.watchapp2";
		};
		D6DC0D3D1AF8FC6D00988D65 /* FitBuddyModel */ = {
			isa = PBXNativeTarget;
			buildConfigurationList = D6DC0D571AF8FC6E00988D65 /* Build configuration list for PBXNativeTarget "FitBuddyModel" */;
			buildPhases = (
				D6DC0D391AF8FC6D00988D65 /* Sources */,
				D6DC0D3A1AF8FC6D00988D65 /* Frameworks */,
				D6DC0D3B1AF8FC6D00988D65 /* Headers */,
				D6DC0D3C1AF8FC6D00988D65 /* Resources */,
			);
			buildRules = (
			);
			dependencies = (
				D6A4EDD41CCC073700709F2C /* PBXTargetDependency */,
			);
			name = FitBuddyModel;
			productName = FitBuddyModel;
			productReference = D64C4D151CCFAB2A00BE675A /* FitBuddyModel.framework */;
			productType = "com.apple.product-type.framework";
		};
		D6DC0D471AF8FC6D00988D65 /* FitBuddyModelTests */ = {
			isa = PBXNativeTarget;
			buildConfigurationList = D6DC0D5B1AF8FC6E00988D65 /* Build configuration list for PBXNativeTarget "FitBuddyModelTests" */;
			buildPhases = (
				D6DC0D441AF8FC6D00988D65 /* Sources */,
				D6DC0D451AF8FC6D00988D65 /* Frameworks */,
				D6DC0D461AF8FC6D00988D65 /* Resources */,
			);
			buildRules = (
			);
			dependencies = (
				D6DC0D4B1AF8FC6D00988D65 /* PBXTargetDependency */,
				D6DC0D4D1AF8FC6E00988D65 /* PBXTargetDependency */,
			);
			name = FitBuddyModelTests;
			productName = FitBuddyModelTests;
			productReference = D64C4D171CCFAB2A00BE675A /* FitBuddyModelTests.xctest */;
			productType = "com.apple.product-type.bundle.unit-test";
		};
/* End PBXNativeTarget section */

/* Begin PBXProject section */
		D60B4CB014D7A888001ECCE3 /* Project object */ = {
			isa = PBXProject;
			attributes = {
				LastSwiftMigration = 0730;
				LastSwiftUpdateCheck = 0730;
				LastUpgradeCheck = 0730;
				ORGANIZATIONNAME = jneyer.com;
				TargetAttributes = {
					D60B4CB814D7A888001ECCE3 = {
						DevelopmentTeam = MK3WE6JNT9;
						SystemCapabilities = {
							com.apple.ApplicationGroups.iOS = {
								enabled = 1;
							};
							com.apple.GameCenter = {
								enabled = 0;
							};
							com.apple.HealthKit = {
								enabled = 0;
							};
							com.apple.InAppPurchase = {
								enabled = 0;
							};
							com.apple.Keychain = {
								enabled = 0;
							};
							com.apple.Maps.iOS = {
								enabled = 0;
							};
							com.apple.Passbook = {
								enabled = 0;
							};
							com.apple.iCloud = {
								enabled = 1;
							};
							com.apple.iOS = {
								enabled = 1;
							};
						};
					};
					D68790711AF927AF00D8E6DE = {
						CreatedOnToolsVersion = 6.3.1;
						DevelopmentTeam = MK3WE6JNT9;
					};
					D687907B1AF927B000D8E6DE = {
						CreatedOnToolsVersion = 6.3.1;
						DevelopmentTeam = MK3WE6JNT9;
						TestTargetID = D60B4CB814D7A888001ECCE3;
					};
					D6B174CB1AFA5043009E40D3 = {
						CreatedOnToolsVersion = 6.3.1;
						DevelopmentTeam = MK3WE6JNT9;
						SystemCapabilities = {
							com.apple.ApplicationGroups.iOS = {
								enabled = 1;
							};
							com.apple.GameCenter = {
								enabled = 0;
							};
							com.apple.HealthKit = {
								enabled = 0;
							};
							com.apple.Maps.iOS = {
								enabled = 0;
							};
							com.apple.iCloud = {
								enabled = 1;
							};
						};
					};
					D6B174D51AFA5043009E40D3 = {
						CreatedOnToolsVersion = 6.3.1;
						DevelopmentTeam = MK3WE6JNT9;
					};
					D6DC0D3D1AF8FC6D00988D65 = {
						CreatedOnToolsVersion = 6.3.1;
						DevelopmentTeam = MK3WE6JNT9;
					};
					D6DC0D471AF8FC6D00988D65 = {
						CreatedOnToolsVersion = 6.3.1;
						DevelopmentTeam = MK3WE6JNT9;
						TestTargetID = D60B4CB814D7A888001ECCE3;
					};
				};
			};
			buildConfigurationList = D60B4CB314D7A888001ECCE3 /* Build configuration list for PBXProject "FitBuddy" */;
			compatibilityVersion = "Xcode 3.2";
			developmentRegion = English;
			hasScannedForEncodings = 0;
			knownRegions = (
				en,
				Base,
			);
			mainGroup = D60B4CAE14D7A888001ECCE3;
			productRefGroup = D60B4CAE14D7A888001ECCE3;
			projectDirPath = "";
			projectReferences = (
				{
					ProductGroup = D64C4D241CCFAB9C00BE675A /* Products */;
					ProjectRef = D64C4D231CCFAB9C00BE675A /* FitBuddyCommon.xcodeproj */;
				},
				{
					ProductGroup = D64C4D1A1CCFAB7400BE675A /* Products */;
					ProjectRef = D64C4D191CCFAB7400BE675A /* FitBuddyModel.xcodeproj */;
				},
			);
			projectRoot = "";
			targets = (
				D60B4CB814D7A888001ECCE3 /* FitBuddy */,
				D6DC0D3D1AF8FC6D00988D65 /* FitBuddyModel */,
				D6DC0D471AF8FC6D00988D65 /* FitBuddyModelTests */,
				D68790711AF927AF00D8E6DE /* FitBuddyCommon */,
				D687907B1AF927B000D8E6DE /* FitBuddyCommonTests */,
				D6B174CB1AFA5043009E40D3 /* FitBuddy WatchKit Extension */,
				D6B174D51AFA5043009E40D3 /* FitBuddy WatchKit App */,
			);
		};
/* End PBXProject section */

/* Begin PBXReferenceProxy section */
		D64C4D201CCFAB7400BE675A /* FitBuddyModel.framework */ = {
			isa = PBXReferenceProxy;
			fileType = wrapper.framework;
			path = FitBuddyModel.framework;
			remoteRef = D64C4D1F1CCFAB7400BE675A /* PBXContainerItemProxy */;
			sourceTree = BUILT_PRODUCTS_DIR;
		};
		D64C4D221CCFAB7400BE675A /* FitBuddyModel.xctest */ = {
			isa = PBXReferenceProxy;
			fileType = wrapper.cfbundle;
			path = FitBuddyModel.xctest;
			remoteRef = D64C4D211CCFAB7400BE675A /* PBXContainerItemProxy */;
			sourceTree = BUILT_PRODUCTS_DIR;
		};
		D64C4D291CCFAB9C00BE675A /* FitBuddyCommon.framework */ = {
			isa = PBXReferenceProxy;
			fileType = wrapper.framework;
			path = FitBuddyCommon.framework;
			remoteRef = D64C4D281CCFAB9C00BE675A /* PBXContainerItemProxy */;
			sourceTree = BUILT_PRODUCTS_DIR;
		};
		D64C4D2B1CCFAB9C00BE675A /* FitBuddyCommonTests.xctest */ = {
			isa = PBXReferenceProxy;
			fileType = wrapper.cfbundle;
			path = FitBuddyCommonTests.xctest;
			remoteRef = D64C4D2A1CCFAB9C00BE675A /* PBXContainerItemProxy */;
			sourceTree = BUILT_PRODUCTS_DIR;
		};
/* End PBXReferenceProxy section */

/* Begin PBXResourcesBuildPhase section */
		D60B4CB714D7A888001ECCE3 /* Resources */ = {
			isa = PBXResourcesBuildPhase;
			buildActionMask = 2147483647;
			files = (
				D67E167118B31C97001E9257 /* icon-big.png in Resources */,
				D6FF1D151870B50A004A1D2A /* Images.xcassets in Resources */,
				D6B59828187078340077C3D0 /* MainStoryboard-Autolayout.storyboard in Resources */,
				D6C2CB0C170E6D5300BA02DA /* InfoPlist.strings in Resources */,
				D601921518AFE01600255256 /* Demo.xcassets in Resources */,
				D67E167018B31C97001E9257 /* icon-small.png in Resources */,
				D6C0AE8618975566004F599E /* WorkoutControlerComponent.xib in Resources */,
			);
			runOnlyForDeploymentPostprocessing = 0;
		};
		D68790701AF927AF00D8E6DE /* Resources */ = {
			isa = PBXResourcesBuildPhase;
			buildActionMask = 2147483647;
			files = (
			);
			runOnlyForDeploymentPostprocessing = 0;
		};
		D687907A1AF927B000D8E6DE /* Resources */ = {
			isa = PBXResourcesBuildPhase;
			buildActionMask = 2147483647;
			files = (
			);
			runOnlyForDeploymentPostprocessing = 0;
		};
		D6B174CA1AFA5043009E40D3 /* Resources */ = {
			isa = PBXResourcesBuildPhase;
			buildActionMask = 2147483647;
			files = (
			);
			runOnlyForDeploymentPostprocessing = 0;
		};
		D6B174D41AFA5043009E40D3 /* Resources */ = {
			isa = PBXResourcesBuildPhase;
			buildActionMask = 2147483647;
			files = (
				D6B174DF1AFA5043009E40D3 /* Interface.storyboard in Resources */,
				D6B174E11AFA5043009E40D3 /* Images.xcassets in Resources */,
			);
			runOnlyForDeploymentPostprocessing = 0;
		};
		D6DC0D3C1AF8FC6D00988D65 /* Resources */ = {
			isa = PBXResourcesBuildPhase;
			buildActionMask = 2147483647;
			files = (
			);
			runOnlyForDeploymentPostprocessing = 0;
		};
		D6DC0D461AF8FC6D00988D65 /* Resources */ = {
			isa = PBXResourcesBuildPhase;
			buildActionMask = 2147483647;
			files = (
			);
			runOnlyForDeploymentPostprocessing = 0;
		};
/* End PBXResourcesBuildPhase section */

/* Begin PBXSourcesBuildPhase section */
		D60B4CB514D7A888001ECCE3 /* Sources */ = {
			isa = PBXSourcesBuildPhase;
			buildActionMask = 2147483647;
			files = (
				D6715FDB1CCC3E88007AAA62 /* GymBuddyMappingModel1.3.xcmappingmodel in Sources */,
				D66F5D1F1B15122400049FDD /* LogbookTableData.swift in Sources */,
				D6D32F7B1AED6B020057F00B /* AppDelegate.swift in Sources */,
				D6715FDA1CCC3E88007AAA62 /* GymBuddyMappingModel1.2.xcmappingmodel in Sources */,
				D625E86C18B00EF900FFE96D /* WorkoutModeParentController2.m in Sources */,
				D625E86E18B00EF900FFE96D /* WorkoutModeViewController2.m in Sources */,
				D64C4D331CCFB00200BE675A /* ExerciseAddViewController.swift in Sources */,
				D6B088A81AF1280800962EDB /* NSData+GZIP.swift in Sources */,
				D601921318AFDF6F00255256 /* DemoContentViewController.m in Sources */,
				D6C2CA1F170E6BB400BA02DA /* CoreDataTableViewController.m in Sources */,
				D68F6DCD1B08EA2000F99E3F /* WorkoutLogCell.swift in Sources */,
				D6C2CA21170E6BB400BA02DA /* NSData+CocoaDevUsersAdditions.m in Sources */,
				D68F6DD31B09900600F99E3F /* LineChart.swift in Sources */,
				D6715FD81CCC3E88007AAA62 /* GymBuddyMappingModel1.0.xcmappingmodel in Sources */,
				D6C2CA5C170E6C4000BA02DA /* ExerciseControlController.m in Sources */,
				D64C4D0B1CCF9D0400BE675A /* NotesEditorViewController.swift in Sources */,
				D6715FD91CCC3E88007AAA62 /* GymBuddyMappingModel1.1.xcmappingmodel in Sources */,
				D6C2CA5E170E6C4000BA02DA /* ExerciseListTableViewController.m in Sources */,
				D66F5D1D1B14B3C500049FDD /* LogbookChartData.swift in Sources */,
				D616376E1CCECFF400D5AC03 /* SwitchCell.swift in Sources */,
				D6FC8CD01CCC482500799539 /* GymBuddyModel.xcdatamodeld in Sources */,
				D609105D1B015A35001D86C9 /* SettingsIncrementViewController.swift in Sources */,
				D6D32F7E1AED6C580057F00B /* WorkoutViewController.swift in Sources */,
				D68F6DCB1B08E9AB00F99E3F /* ExerciseLogCell.swift in Sources */,
				D6C2CA64170E6C4000BA02DA /* WorkoutAddViewController.m in Sources */,
				D601920F18AFDF0C00255256 /* DemoViewController.m in Sources */,
				D60910591B014DA2001D86C9 /* SettingsViewController.swift in Sources */,
				D616376C1CCD244600D5AC03 /* CoreDataTableController.swift in Sources */,
				D64C4D371CCFB9A600BE675A /* ExerciseEditViewController.swift in Sources */,
				D68F6DC91B0844D000F99E3F /* LogbookViewController.swift in Sources */,
				D6C2CA73170E6C8800BA02DA /* WorkoutSummaryViewController.m in Sources */,
				D68F6DC71B07C3EC00F99E3F /* LogbookEntryViewController.swift in Sources */,
			);
			runOnlyForDeploymentPostprocessing = 0;
		};
		D687906D1AF927AF00D8E6DE /* Sources */ = {
			isa = PBXSourcesBuildPhase;
			buildActionMask = 2147483647;
			files = (
			);
			runOnlyForDeploymentPostprocessing = 0;
		};
		D68790781AF927B000D8E6DE /* Sources */ = {
			isa = PBXSourcesBuildPhase;
			buildActionMask = 2147483647;
			files = (
			);
			runOnlyForDeploymentPostprocessing = 0;
		};
		D6B174C81AFA5043009E40D3 /* Sources */ = {
			isa = PBXSourcesBuildPhase;
			buildActionMask = 2147483647;
			files = (
				D6B174F61AFA5252009E40D3 /* WorkoutStartController.swift in Sources */,
				D62DB82D1AFBD12B00EA5A55 /* AlertViewController.swift in Sources */,
				D6B174D11AFA5043009E40D3 /* InterfaceController.swift in Sources */,
				D6B174F31AFA5252009E40D3 /* WorkoutCellType.swift in Sources */,
				D6B174F51AFA5252009E40D3 /* WorkoutSelectorController.swift in Sources */,
				D6B174F41AFA5252009E40D3 /* WorkoutInterfaceController.swift in Sources */,
			);
			runOnlyForDeploymentPostprocessing = 0;
		};
		D6DC0D391AF8FC6D00988D65 /* Sources */ = {
			isa = PBXSourcesBuildPhase;
			buildActionMask = 2147483647;
			files = (
			);
			runOnlyForDeploymentPostprocessing = 0;
		};
		D6DC0D441AF8FC6D00988D65 /* Sources */ = {
			isa = PBXSourcesBuildPhase;
			buildActionMask = 2147483647;
			files = (
			);
			runOnlyForDeploymentPostprocessing = 0;
		};
/* End PBXSourcesBuildPhase section */

/* Begin PBXTargetDependency section */
		D687907F1AF927B000D8E6DE /* PBXTargetDependency */ = {
			isa = PBXTargetDependency;
			target = D68790711AF927AF00D8E6DE /* FitBuddyCommon */;
			targetProxy = D687907E1AF927B000D8E6DE /* PBXContainerItemProxy */;
		};
		D68790811AF927B000D8E6DE /* PBXTargetDependency */ = {
			isa = PBXTargetDependency;
			target = D60B4CB814D7A888001ECCE3 /* FitBuddy */;
			targetProxy = D68790801AF927B000D8E6DE /* PBXContainerItemProxy */;
		};
		D6A4EDCA1CCBFA2100709F2C /* PBXTargetDependency */ = {
			isa = PBXTargetDependency;
			target = D6B174CB1AFA5043009E40D3 /* FitBuddy WatchKit Extension */;
			targetProxy = D6A4EDC91CCBFA2100709F2C /* PBXContainerItemProxy */;
		};
		D6A4EDD41CCC073700709F2C /* PBXTargetDependency */ = {
			isa = PBXTargetDependency;
			target = D68790711AF927AF00D8E6DE /* FitBuddyCommon */;
			targetProxy = D6A4EDD31CCC073700709F2C /* PBXContainerItemProxy */;
		};
		D6DC0D4B1AF8FC6D00988D65 /* PBXTargetDependency */ = {
			isa = PBXTargetDependency;
			target = D6DC0D3D1AF8FC6D00988D65 /* FitBuddyModel */;
			targetProxy = D6DC0D4A1AF8FC6D00988D65 /* PBXContainerItemProxy */;
		};
		D6DC0D4D1AF8FC6E00988D65 /* PBXTargetDependency */ = {
			isa = PBXTargetDependency;
			target = D60B4CB814D7A888001ECCE3 /* FitBuddy */;
			targetProxy = D6DC0D4C1AF8FC6E00988D65 /* PBXContainerItemProxy */;
		};
/* End PBXTargetDependency section */

/* Begin PBXVariantGroup section */
		D6B174DD1AFA5043009E40D3 /* Interface.storyboard */ = {
			isa = PBXVariantGroup;
			children = (
				D6B174DE1AFA5043009E40D3 /* Base */,
			);
			name = Interface.storyboard;
			sourceTree = "<group>";
		};
		D6C2CB0A170E6D5300BA02DA /* InfoPlist.strings */ = {
			isa = PBXVariantGroup;
			children = (
				D6C2CB0B170E6D5300BA02DA /* en */,
			);
			name = InfoPlist.strings;
			sourceTree = "<group>";
		};
/* End PBXVariantGroup section */

/* Begin XCBuildConfiguration section */
		D60B4CD814D7A888001ECCE3 /* Debug */ = {
			isa = XCBuildConfiguration;
			buildSettings = {
				ALWAYS_SEARCH_USER_PATHS = NO;
				CLANG_ENABLE_OBJC_ARC = YES;
				CLANG_WARN_BOOL_CONVERSION = YES;
				CLANG_WARN_CONSTANT_CONVERSION = YES;
				CLANG_WARN_EMPTY_BODY = YES;
				CLANG_WARN_ENUM_CONVERSION = YES;
				CLANG_WARN_INT_CONVERSION = YES;
				CLANG_WARN_UNREACHABLE_CODE = YES;
				CLANG_WARN__DUPLICATE_METHOD_MATCH = YES;
				CODE_SIGN_IDENTITY = "iPhone Distribution";
				COMPRESS_PNG_FILES = NO;
				COPY_PHASE_STRIP = NO;
				DEFINES_MODULE = YES;
				ENABLE_STRICT_OBJC_MSGSEND = YES;
				ENABLE_TESTABILITY = YES;
				GCC_C_LANGUAGE_STANDARD = gnu99;
				GCC_DYNAMIC_NO_PIC = NO;
				GCC_NO_COMMON_BLOCKS = YES;
				GCC_OPTIMIZATION_LEVEL = 0;
				GCC_PREPROCESSOR_DEFINITIONS = "$(inherited)";
				GCC_SYMBOLS_PRIVATE_EXTERN = NO;
				GCC_VERSION = com.apple.compilers.llvm.clang.1_0;
				GCC_WARN_64_TO_32_BIT_CONVERSION = YES;
				GCC_WARN_ABOUT_MISSING_PROTOTYPES = YES;
				GCC_WARN_ABOUT_RETURN_TYPE = YES;
				GCC_WARN_UNDECLARED_SELECTOR = YES;
				GCC_WARN_UNINITIALIZED_AUTOS = YES;
				GCC_WARN_UNUSED_FUNCTION = YES;
				GCC_WARN_UNUSED_VARIABLE = YES;
				IPHONEOS_DEPLOYMENT_TARGET = 9.3;
				MODULE_NAME = FitBuddy;
				ONLY_ACTIVE_ARCH = YES;
				PROVISIONING_PROFILE = "6b7abad7-de64-4718-8c2c-e5d04d5e26a5";
				SDKROOT = iphoneos;
				TARGETED_DEVICE_FAMILY = "1,2";
			};
			name = Debug;
		};
		D60B4CD914D7A888001ECCE3 /* Release */ = {
			isa = XCBuildConfiguration;
			buildSettings = {
				ALWAYS_SEARCH_USER_PATHS = NO;
				CLANG_ENABLE_OBJC_ARC = YES;
				CLANG_WARN_BOOL_CONVERSION = YES;
				CLANG_WARN_CONSTANT_CONVERSION = YES;
				CLANG_WARN_EMPTY_BODY = YES;
				CLANG_WARN_ENUM_CONVERSION = YES;
				CLANG_WARN_INT_CONVERSION = YES;
				CLANG_WARN_UNREACHABLE_CODE = YES;
				CLANG_WARN__DUPLICATE_METHOD_MATCH = YES;
				CODE_SIGN_IDENTITY = "iPhone Distribution";
				COMPRESS_PNG_FILES = NO;
				COPY_PHASE_STRIP = YES;
				DEFINES_MODULE = YES;
				ENABLE_STRICT_OBJC_MSGSEND = YES;
				GCC_C_LANGUAGE_STANDARD = gnu99;
				GCC_NO_COMMON_BLOCKS = YES;
				GCC_VERSION = com.apple.compilers.llvm.clang.1_0;
				GCC_WARN_64_TO_32_BIT_CONVERSION = YES;
				GCC_WARN_ABOUT_MISSING_PROTOTYPES = YES;
				GCC_WARN_ABOUT_RETURN_TYPE = YES;
				GCC_WARN_UNDECLARED_SELECTOR = YES;
				GCC_WARN_UNINITIALIZED_AUTOS = YES;
				GCC_WARN_UNUSED_FUNCTION = YES;
				GCC_WARN_UNUSED_VARIABLE = YES;
				IPHONEOS_DEPLOYMENT_TARGET = 9.3;
				MODULE_NAME = FitBuddy;
				OTHER_CFLAGS = "-DNS_BLOCK_ASSERTIONS=1";
				PROVISIONING_PROFILE = "6b7abad7-de64-4718-8c2c-e5d04d5e26a5";
				SDKROOT = iphoneos;
				TARGETED_DEVICE_FAMILY = "1,2";
				VALIDATE_PRODUCT = YES;
			};
			name = Release;
		};
		D60B4CDB14D7A888001ECCE3 /* Debug */ = {
			isa = XCBuildConfiguration;
			buildSettings = {
				ASSETCATALOG_COMPILER_APPICON_NAME = AppIcon;
				ASSETCATALOG_COMPILER_LAUNCHIMAGE_NAME = LaunchImage;
				CLANG_CXX_LANGUAGE_STANDARD = "gnu++0x";
				CLANG_CXX_LIBRARY = "libc++";
				CLANG_ENABLE_MODULES = YES;
				CODE_SIGN_ENTITLEMENTS = FitBuddy/FitBuddy.entitlements;
				CODE_SIGN_IDENTITY = "iPhone Developer";
				FRAMEWORK_SEARCH_PATHS = (
					"$(inherited)",
					"$(PROJECT_DIR)",
				);
				GCC_PRECOMPILE_PREFIX_HEADER = YES;
				GCC_PREFIX_HEADER = "FitBuddy/FitBuddy-Prefix.pch";
				GCC_VERSION = "";
				INFOPLIST_FILE = "FitBuddy/FitBuddy-Info.plist";
				LD_RUNPATH_SEARCH_PATHS = "$(inherited) @executable_path/Frameworks";
				PRODUCT_BUNDLE_IDENTIFIER = "com.giantrobotapps.${PRODUCT_NAME:rfc1034identifier}";
				PRODUCT_NAME = "$(TARGET_NAME)";
				PROVISIONING_PROFILE = "";
				SWIFT_OBJC_BRIDGING_HEADER = "FitBuddy-Bridging-Header.h";
				SWIFT_OPTIMIZATION_LEVEL = "-Onone";
				TARGETED_DEVICE_FAMILY = "1,2";
				WRAPPER_EXTENSION = app;
			};
			name = Debug;
		};
		D60B4CDC14D7A888001ECCE3 /* Release */ = {
			isa = XCBuildConfiguration;
			buildSettings = {
				ASSETCATALOG_COMPILER_APPICON_NAME = AppIcon;
				ASSETCATALOG_COMPILER_LAUNCHIMAGE_NAME = LaunchImage;
				CLANG_CXX_LANGUAGE_STANDARD = "gnu++0x";
				CLANG_CXX_LIBRARY = "libc++";
				CLANG_ENABLE_MODULES = YES;
				CODE_SIGN_ENTITLEMENTS = FitBuddy/FitBuddy.entitlements;
				CODE_SIGN_IDENTITY = "iPhone Developer";
				FRAMEWORK_SEARCH_PATHS = (
					"$(inherited)",
					"$(PROJECT_DIR)",
				);
				GCC_PRECOMPILE_PREFIX_HEADER = YES;
				GCC_PREFIX_HEADER = "FitBuddy/FitBuddy-Prefix.pch";
				GCC_VERSION = "";
				INFOPLIST_FILE = "FitBuddy/FitBuddy-Info.plist";
				LD_RUNPATH_SEARCH_PATHS = "$(inherited) @executable_path/Frameworks";
				PRODUCT_BUNDLE_IDENTIFIER = "com.giantrobotapps.${PRODUCT_NAME:rfc1034identifier}";
				PRODUCT_NAME = "$(TARGET_NAME)";
				PROVISIONING_PROFILE = "";
				SWIFT_OBJC_BRIDGING_HEADER = "FitBuddy-Bridging-Header.h";
				TARGETED_DEVICE_FAMILY = "1,2";
				WRAPPER_EXTENSION = app;
			};
			name = Release;
		};
		D6715FB61CCC31A6007AAA62 /* Debug */ = {
			isa = XCBuildConfiguration;
			buildSettings = {
				COPY_PHASE_STRIP = NO;
				GCC_DYNAMIC_NO_PIC = NO;
				GCC_OPTIMIZATION_LEVEL = 0;
				PRODUCT_NAME = FitBuddyModel;
			};
			name = Debug;
		};
		D6715FB71CCC31A6007AAA62 /* Release */ = {
			isa = XCBuildConfiguration;
			buildSettings = {
				COPY_PHASE_STRIP = YES;
				DEBUG_INFORMATION_FORMAT = "dwarf-with-dsym";
				PRODUCT_NAME = FitBuddyModel;
			};
			name = Release;
		};
		D6715FB81CCC31A6007AAA62 /* Distribution */ = {
			isa = XCBuildConfiguration;
			buildSettings = {
				PRODUCT_NAME = FitBuddyModel;
			};
			name = Distribution;
		};
		D6715FB91CCC31A6007AAA62 /* Debug */ = {
			isa = XCBuildConfiguration;
			buildSettings = {
				COPY_PHASE_STRIP = NO;
				GCC_DYNAMIC_NO_PIC = NO;
				GCC_OPTIMIZATION_LEVEL = 0;
				PRODUCT_NAME = FitBuddyModelTests;
			};
			name = Debug;
		};
		D6715FBA1CCC31A6007AAA62 /* Release */ = {
			isa = XCBuildConfiguration;
			buildSettings = {
				COPY_PHASE_STRIP = YES;
				DEBUG_INFORMATION_FORMAT = "dwarf-with-dsym";
				PRODUCT_NAME = FitBuddyModelTests;
			};
			name = Release;
		};
		D6715FBB1CCC31A6007AAA62 /* Distribution */ = {
			isa = XCBuildConfiguration;
			buildSettings = {
				PRODUCT_NAME = FitBuddyModelTests;
			};
			name = Distribution;
		};
		D6715FBC1CCC31A6007AAA62 /* Debug */ = {
			isa = XCBuildConfiguration;
			buildSettings = {
				COPY_PHASE_STRIP = NO;
				GCC_DYNAMIC_NO_PIC = NO;
				GCC_OPTIMIZATION_LEVEL = 0;
				PRODUCT_NAME = FitBuddyCommon;
			};
			name = Debug;
		};
		D6715FBD1CCC31A6007AAA62 /* Release */ = {
			isa = XCBuildConfiguration;
			buildSettings = {
				COPY_PHASE_STRIP = YES;
				DEBUG_INFORMATION_FORMAT = "dwarf-with-dsym";
				PRODUCT_NAME = FitBuddyCommon;
			};
			name = Release;
		};
		D6715FBE1CCC31A6007AAA62 /* Distribution */ = {
			isa = XCBuildConfiguration;
			buildSettings = {
				PRODUCT_NAME = FitBuddyCommon;
			};
			name = Distribution;
		};
		D6715FBF1CCC31A6007AAA62 /* Debug */ = {
			isa = XCBuildConfiguration;
			buildSettings = {
				COPY_PHASE_STRIP = NO;
				GCC_DYNAMIC_NO_PIC = NO;
				GCC_OPTIMIZATION_LEVEL = 0;
				PRODUCT_NAME = FitBuddyCommonTests;
			};
			name = Debug;
		};
		D6715FC01CCC31A6007AAA62 /* Release */ = {
			isa = XCBuildConfiguration;
			buildSettings = {
				COPY_PHASE_STRIP = YES;
				DEBUG_INFORMATION_FORMAT = "dwarf-with-dsym";
				PRODUCT_NAME = FitBuddyCommonTests;
			};
			name = Release;
		};
		D6715FC11CCC31A6007AAA62 /* Distribution */ = {
			isa = XCBuildConfiguration;
			buildSettings = {
				PRODUCT_NAME = FitBuddyCommonTests;
			};
			name = Distribution;
		};
		D6B174E61AFA5044009E40D3 /* Debug */ = {
			isa = XCBuildConfiguration;
			buildSettings = {
				ASSETCATALOG_COMPILER_APPICON_NAME = AppIcon;
				CLANG_CXX_LANGUAGE_STANDARD = "gnu++0x";
				CLANG_CXX_LIBRARY = "libc++";
				CLANG_ENABLE_MODULES = YES;
				CLANG_WARN_DIRECT_OBJC_ISA_USAGE = YES_ERROR;
				CLANG_WARN_OBJC_ROOT_CLASS = YES_ERROR;
				CODE_SIGN_ENTITLEMENTS = "";
				CODE_SIGN_IDENTITY = "iPhone Developer";
				"CODE_SIGN_IDENTITY[sdk=iphoneos*]" = "iPhone Developer";
				DEBUG_INFORMATION_FORMAT = "dwarf-with-dsym";
				EMBEDDED_CONTENT_CONTAINS_SWIFT = YES;
				GCC_PREPROCESSOR_DEFINITIONS = (
					"DEBUG=1",
					"$(inherited)",
				);
				GCC_WARN_ABOUT_RETURN_TYPE = YES_ERROR;
				GCC_WARN_UNINITIALIZED_AUTOS = YES_AGGRESSIVE;
				IBSC_MODULE = FitBuddy_WatchKit_Extension;
				INFOPLIST_FILE = "FitBuddy WatchKit App/Info.plist";
				MTL_ENABLE_DEBUG_INFO = YES;
				PRODUCT_BUNDLE_IDENTIFIER = com.giantrobotapps.FitBuddy.watchkitapp;
				PRODUCT_NAME = "$(TARGET_NAME)";
				PROVISIONING_PROFILE = "";
				SDKROOT = watchos;
				SKIP_INSTALL = YES;
				SUPPORTED_PLATFORMS = "iphonesimulator iphoneos";
				TARGETED_DEVICE_FAMILY = 4;
				WATCHOS_DEPLOYMENT_TARGET = 2.0;
			};
			name = Debug;
		};
		D6B174E71AFA5044009E40D3 /* Release */ = {
			isa = XCBuildConfiguration;
			buildSettings = {
				ASSETCATALOG_COMPILER_APPICON_NAME = AppIcon;
				CLANG_CXX_LANGUAGE_STANDARD = "gnu++0x";
				CLANG_CXX_LIBRARY = "libc++";
				CLANG_ENABLE_MODULES = YES;
				CLANG_WARN_DIRECT_OBJC_ISA_USAGE = YES_ERROR;
				CLANG_WARN_OBJC_ROOT_CLASS = YES_ERROR;
				CODE_SIGN_ENTITLEMENTS = "";
				CODE_SIGN_IDENTITY = "iPhone Developer";
				"CODE_SIGN_IDENTITY[sdk=iphoneos*]" = "iPhone Developer";
				COPY_PHASE_STRIP = NO;
				DEBUG_INFORMATION_FORMAT = "dwarf-with-dsym";
				EMBEDDED_CONTENT_CONTAINS_SWIFT = YES;
				ENABLE_NS_ASSERTIONS = NO;
				GCC_WARN_ABOUT_RETURN_TYPE = YES_ERROR;
				GCC_WARN_UNINITIALIZED_AUTOS = YES_AGGRESSIVE;
				IBSC_MODULE = FitBuddy_WatchKit_Extension;
				INFOPLIST_FILE = "FitBuddy WatchKit App/Info.plist";
				MTL_ENABLE_DEBUG_INFO = NO;
				PRODUCT_BUNDLE_IDENTIFIER = com.giantrobotapps.FitBuddy.watchkitapp;
				PRODUCT_NAME = "$(TARGET_NAME)";
				PROVISIONING_PROFILE = "";
				SDKROOT = watchos;
				SKIP_INSTALL = YES;
				SUPPORTED_PLATFORMS = "iphonesimulator iphoneos";
				TARGETED_DEVICE_FAMILY = 4;
				WATCHOS_DEPLOYMENT_TARGET = 2.0;
			};
			name = Release;
		};
		D6B174E81AFA5044009E40D3 /* Distribution */ = {
			isa = XCBuildConfiguration;
			buildSettings = {
				ASSETCATALOG_COMPILER_APPICON_NAME = AppIcon;
				CLANG_CXX_LANGUAGE_STANDARD = "gnu++0x";
				CLANG_CXX_LIBRARY = "libc++";
				CLANG_ENABLE_MODULES = YES;
				CLANG_WARN_DIRECT_OBJC_ISA_USAGE = YES_ERROR;
				CLANG_WARN_OBJC_ROOT_CLASS = YES_ERROR;
				CODE_SIGN_ENTITLEMENTS = "";
				CODE_SIGN_IDENTITY = "iPhone Developer";
				"CODE_SIGN_IDENTITY[sdk=iphoneos*]" = "iPhone Developer";
				COPY_PHASE_STRIP = NO;
				DEBUG_INFORMATION_FORMAT = "dwarf-with-dsym";
				EMBEDDED_CONTENT_CONTAINS_SWIFT = YES;
				ENABLE_NS_ASSERTIONS = NO;
				GCC_WARN_ABOUT_RETURN_TYPE = YES_ERROR;
				GCC_WARN_UNINITIALIZED_AUTOS = YES_AGGRESSIVE;
				IBSC_MODULE = FitBuddy_WatchKit_Extension;
				INFOPLIST_FILE = "FitBuddy WatchKit App/Info.plist";
				MTL_ENABLE_DEBUG_INFO = NO;
				PRODUCT_BUNDLE_IDENTIFIER = com.giantrobotapps.FitBuddy.watchkitapp;
				PRODUCT_NAME = "$(TARGET_NAME)";
				PROVISIONING_PROFILE = "";
				SDKROOT = watchos;
				SKIP_INSTALL = YES;
				SUPPORTED_PLATFORMS = "iphonesimulator iphoneos";
				TARGETED_DEVICE_FAMILY = 4;
				WATCHOS_DEPLOYMENT_TARGET = 2.0;
			};
			name = Distribution;
		};
		D6B174EA1AFA5044009E40D3 /* Debug */ = {
			isa = XCBuildConfiguration;
			buildSettings = {
				CLANG_CXX_LANGUAGE_STANDARD = "gnu++0x";
				CLANG_CXX_LIBRARY = "libc++";
				CLANG_ENABLE_MODULES = YES;
				CLANG_WARN_DIRECT_OBJC_ISA_USAGE = YES_ERROR;
				CLANG_WARN_OBJC_ROOT_CLASS = YES_ERROR;
				CODE_SIGN_ENTITLEMENTS = "FitBuddy WatchKit Extension/FitBuddy WatchKit Extension.entitlements";
				CODE_SIGN_IDENTITY = "iPhone Developer";
				"CODE_SIGN_IDENTITY[sdk=iphoneos*]" = "iPhone Developer";
				DEBUG_INFORMATION_FORMAT = "dwarf-with-dsym";
				FRAMEWORK_SEARCH_PATHS = (
					"$(inherited)",
					"$(PROJECT_DIR)",
					/Users/jneyer/Desktop,
				);
				GCC_PREPROCESSOR_DEFINITIONS = (
					"DEBUG=1",
					"$(inherited)",
				);
				GCC_WARN_ABOUT_RETURN_TYPE = YES_ERROR;
				GCC_WARN_UNINITIALIZED_AUTOS = YES_AGGRESSIVE;
				INFOPLIST_FILE = "FitBuddy WatchKit Extension/Info.plist";
				IPHONEOS_DEPLOYMENT_TARGET = 8.3;
				LD_RUNPATH_SEARCH_PATHS = "$(inherited) @executable_path/Frameworks @executable_path/../../Frameworks";
				MTL_ENABLE_DEBUG_INFO = YES;
				PRODUCT_BUNDLE_IDENTIFIER = com.giantrobotapps.FitBuddy.watchkitapp.watchkitextension;
				PRODUCT_NAME = "${TARGET_NAME}";
				PROVISIONING_PROFILE = "";
				SDKROOT = watchos;
				SKIP_INSTALL = YES;
				SWIFT_OPTIMIZATION_LEVEL = "-Onone";
				TARGETED_DEVICE_FAMILY = 4;
				WATCHOS_DEPLOYMENT_TARGET = 2.0;
			};
			name = Debug;
		};
		D6B174EB1AFA5044009E40D3 /* Release */ = {
			isa = XCBuildConfiguration;
			buildSettings = {
				CLANG_CXX_LANGUAGE_STANDARD = "gnu++0x";
				CLANG_CXX_LIBRARY = "libc++";
				CLANG_ENABLE_MODULES = YES;
				CLANG_WARN_DIRECT_OBJC_ISA_USAGE = YES_ERROR;
				CLANG_WARN_OBJC_ROOT_CLASS = YES_ERROR;
				CODE_SIGN_ENTITLEMENTS = "FitBuddy WatchKit Extension/FitBuddy WatchKit Extension.entitlements";
				CODE_SIGN_IDENTITY = "iPhone Developer";
				"CODE_SIGN_IDENTITY[sdk=iphoneos*]" = "iPhone Developer";
				COPY_PHASE_STRIP = NO;
				DEBUG_INFORMATION_FORMAT = "dwarf-with-dsym";
				ENABLE_NS_ASSERTIONS = NO;
				FRAMEWORK_SEARCH_PATHS = (
					"$(inherited)",
					"$(PROJECT_DIR)",
					/Users/jneyer/Desktop,
				);
				GCC_WARN_ABOUT_RETURN_TYPE = YES_ERROR;
				GCC_WARN_UNINITIALIZED_AUTOS = YES_AGGRESSIVE;
				INFOPLIST_FILE = "FitBuddy WatchKit Extension/Info.plist";
				IPHONEOS_DEPLOYMENT_TARGET = 8.3;
				LD_RUNPATH_SEARCH_PATHS = "$(inherited) @executable_path/Frameworks @executable_path/../../Frameworks";
				MTL_ENABLE_DEBUG_INFO = NO;
				PRODUCT_BUNDLE_IDENTIFIER = com.giantrobotapps.FitBuddy.watchkitapp.watchkitextension;
				PRODUCT_NAME = "${TARGET_NAME}";
				PROVISIONING_PROFILE = "";
				SDKROOT = watchos;
				SKIP_INSTALL = YES;
				TARGETED_DEVICE_FAMILY = 4;
				WATCHOS_DEPLOYMENT_TARGET = 2.0;
			};
			name = Release;
		};
		D6B174EC1AFA5044009E40D3 /* Distribution */ = {
			isa = XCBuildConfiguration;
			buildSettings = {
				CLANG_CXX_LANGUAGE_STANDARD = "gnu++0x";
				CLANG_CXX_LIBRARY = "libc++";
				CLANG_ENABLE_MODULES = YES;
				CLANG_WARN_DIRECT_OBJC_ISA_USAGE = YES_ERROR;
				CLANG_WARN_OBJC_ROOT_CLASS = YES_ERROR;
				CODE_SIGN_ENTITLEMENTS = "FitBuddy WatchKit Extension/FitBuddy WatchKit Extension.entitlements";
				CODE_SIGN_IDENTITY = "iPhone Developer";
				"CODE_SIGN_IDENTITY[sdk=iphoneos*]" = "iPhone Developer";
				COPY_PHASE_STRIP = NO;
				DEBUG_INFORMATION_FORMAT = "dwarf-with-dsym";
				ENABLE_NS_ASSERTIONS = NO;
				FRAMEWORK_SEARCH_PATHS = (
					"$(inherited)",
					"$(PROJECT_DIR)",
					/Users/jneyer/Desktop,
				);
				GCC_WARN_ABOUT_RETURN_TYPE = YES_ERROR;
				GCC_WARN_UNINITIALIZED_AUTOS = YES_AGGRESSIVE;
				INFOPLIST_FILE = "FitBuddy WatchKit Extension/Info.plist";
				IPHONEOS_DEPLOYMENT_TARGET = 8.3;
				LD_RUNPATH_SEARCH_PATHS = "$(inherited) @executable_path/Frameworks @executable_path/../../Frameworks";
				MTL_ENABLE_DEBUG_INFO = NO;
				PRODUCT_BUNDLE_IDENTIFIER = com.giantrobotapps.FitBuddy.watchkitapp.watchkitextension;
				PRODUCT_NAME = "${TARGET_NAME}";
				PROVISIONING_PROFILE = "";
				SDKROOT = watchos;
				SKIP_INSTALL = YES;
				TARGETED_DEVICE_FAMILY = 4;
				WATCHOS_DEPLOYMENT_TARGET = 2.0;
			};
			name = Distribution;
		};
		D6CF078A14FA995C004AC44D /* Distribution */ = {
			isa = XCBuildConfiguration;
			buildSettings = {
				ALWAYS_SEARCH_USER_PATHS = NO;
				CLANG_ENABLE_OBJC_ARC = YES;
				CLANG_WARN_BOOL_CONVERSION = YES;
				CLANG_WARN_CONSTANT_CONVERSION = YES;
				CLANG_WARN_EMPTY_BODY = YES;
				CLANG_WARN_ENUM_CONVERSION = YES;
				CLANG_WARN_INT_CONVERSION = YES;
				CLANG_WARN_UNREACHABLE_CODE = YES;
				CLANG_WARN__DUPLICATE_METHOD_MATCH = YES;
				CODE_SIGN_IDENTITY = "iPhone Distribution";
				COMPRESS_PNG_FILES = NO;
				COPY_PHASE_STRIP = YES;
				DEFINES_MODULE = YES;
				ENABLE_STRICT_OBJC_MSGSEND = YES;
				GCC_C_LANGUAGE_STANDARD = gnu99;
				GCC_NO_COMMON_BLOCKS = YES;
				GCC_VERSION = com.apple.compilers.llvm.clang.1_0;
				GCC_WARN_64_TO_32_BIT_CONVERSION = YES;
				GCC_WARN_ABOUT_MISSING_PROTOTYPES = YES;
				GCC_WARN_ABOUT_RETURN_TYPE = YES;
				GCC_WARN_UNDECLARED_SELECTOR = YES;
				GCC_WARN_UNINITIALIZED_AUTOS = YES;
				GCC_WARN_UNUSED_FUNCTION = YES;
				GCC_WARN_UNUSED_VARIABLE = YES;
				IPHONEOS_DEPLOYMENT_TARGET = 9.3;
				MODULE_NAME = FitBuddy;
				OTHER_CFLAGS = "-DNS_BLOCK_ASSERTIONS=1";
				PROVISIONING_PROFILE = "6b7abad7-de64-4718-8c2c-e5d04d5e26a5";
				SDKROOT = iphoneos;
				TARGETED_DEVICE_FAMILY = "1,2";
				VALIDATE_PRODUCT = YES;
			};
			name = Distribution;
		};
		D6CF078B14FA995C004AC44D /* Distribution */ = {
			isa = XCBuildConfiguration;
			buildSettings = {
				ASSETCATALOG_COMPILER_APPICON_NAME = AppIcon;
				ASSETCATALOG_COMPILER_LAUNCHIMAGE_NAME = LaunchImage;
				CLANG_CXX_LANGUAGE_STANDARD = "gnu++0x";
				CLANG_CXX_LIBRARY = "libc++";
				CLANG_ENABLE_MODULES = YES;
				CODE_SIGN_ENTITLEMENTS = FitBuddy/FitBuddy.entitlements;
				CODE_SIGN_IDENTITY = "iPhone Developer";
				FRAMEWORK_SEARCH_PATHS = (
					"$(inherited)",
					"$(PROJECT_DIR)",
				);
				GCC_PRECOMPILE_PREFIX_HEADER = YES;
				GCC_PREFIX_HEADER = "FitBuddy/FitBuddy-Prefix.pch";
				GCC_VERSION = "";
				INFOPLIST_FILE = "FitBuddy/FitBuddy-Info.plist";
				LD_RUNPATH_SEARCH_PATHS = "$(inherited) @executable_path/Frameworks";
				PRODUCT_BUNDLE_IDENTIFIER = "com.giantrobotapps.${PRODUCT_NAME:rfc1034identifier}";
				PRODUCT_NAME = "$(TARGET_NAME)";
				PROVISIONING_PROFILE = "";
				SWIFT_OBJC_BRIDGING_HEADER = "FitBuddy-Bridging-Header.h";
				TARGETED_DEVICE_FAMILY = "1,2";
				WRAPPER_EXTENSION = app;
			};
			name = Distribution;
		};
/* End XCBuildConfiguration section */

/* Begin XCConfigurationList section */
		D60B4CB314D7A888001ECCE3 /* Build configuration list for PBXProject "FitBuddy" */ = {
			isa = XCConfigurationList;
			buildConfigurations = (
				D60B4CD814D7A888001ECCE3 /* Debug */,
				D60B4CD914D7A888001ECCE3 /* Release */,
				D6CF078A14FA995C004AC44D /* Distribution */,
			);
			defaultConfigurationIsVisible = 0;
			defaultConfigurationName = Release;
		};
		D60B4CDA14D7A888001ECCE3 /* Build configuration list for PBXNativeTarget "FitBuddy" */ = {
			isa = XCConfigurationList;
			buildConfigurations = (
				D60B4CDB14D7A888001ECCE3 /* Debug */,
				D60B4CDC14D7A888001ECCE3 /* Release */,
				D6CF078B14FA995C004AC44D /* Distribution */,
			);
			defaultConfigurationIsVisible = 0;
			defaultConfigurationName = Release;
		};
		D687908B1AF927B000D8E6DE /* Build configuration list for PBXNativeTarget "FitBuddyCommon" */ = {
			isa = XCConfigurationList;
			buildConfigurations = (
				D6715FBC1CCC31A6007AAA62 /* Debug */,
				D6715FBD1CCC31A6007AAA62 /* Release */,
				D6715FBE1CCC31A6007AAA62 /* Distribution */,
			);
			defaultConfigurationIsVisible = 0;
			defaultConfigurationName = Release;
		};
		D687908F1AF927B000D8E6DE /* Build configuration list for PBXNativeTarget "FitBuddyCommonTests" */ = {
			isa = XCConfigurationList;
			buildConfigurations = (
				D6715FBF1CCC31A6007AAA62 /* Debug */,
				D6715FC01CCC31A6007AAA62 /* Release */,
				D6715FC11CCC31A6007AAA62 /* Distribution */,
			);
			defaultConfigurationIsVisible = 0;
			defaultConfigurationName = Release;
		};
		D6B174E51AFA5044009E40D3 /* Build configuration list for PBXNativeTarget "FitBuddy WatchKit App" */ = {
			isa = XCConfigurationList;
			buildConfigurations = (
				D6B174E61AFA5044009E40D3 /* Debug */,
				D6B174E71AFA5044009E40D3 /* Release */,
				D6B174E81AFA5044009E40D3 /* Distribution */,
			);
			defaultConfigurationIsVisible = 0;
			defaultConfigurationName = Release;
		};
		D6B174E91AFA5044009E40D3 /* Build configuration list for PBXNativeTarget "FitBuddy WatchKit Extension" */ = {
			isa = XCConfigurationList;
			buildConfigurations = (
				D6B174EA1AFA5044009E40D3 /* Debug */,
				D6B174EB1AFA5044009E40D3 /* Release */,
				D6B174EC1AFA5044009E40D3 /* Distribution */,
			);
			defaultConfigurationIsVisible = 0;
			defaultConfigurationName = Release;
		};
		D6DC0D571AF8FC6E00988D65 /* Build configuration list for PBXNativeTarget "FitBuddyModel" */ = {
			isa = XCConfigurationList;
			buildConfigurations = (
				D6715FB61CCC31A6007AAA62 /* Debug */,
				D6715FB71CCC31A6007AAA62 /* Release */,
				D6715FB81CCC31A6007AAA62 /* Distribution */,
			);
			defaultConfigurationIsVisible = 0;
			defaultConfigurationName = Release;
		};
		D6DC0D5B1AF8FC6E00988D65 /* Build configuration list for PBXNativeTarget "FitBuddyModelTests" */ = {
			isa = XCConfigurationList;
			buildConfigurations = (
				D6715FB91CCC31A6007AAA62 /* Debug */,
				D6715FBA1CCC31A6007AAA62 /* Release */,
				D6715FBB1CCC31A6007AAA62 /* Distribution */,
			);
			defaultConfigurationIsVisible = 0;
			defaultConfigurationName = Release;
		};
/* End XCConfigurationList section */

/* Begin XCVersionGroup section */
		D6FC8CC41CCC482500799539 /* GymBuddyModel.xcdatamodeld */ = {
			isa = XCVersionGroup;
			children = (
				D6FC8CC51CCC482500799539 /* GymBuddyModel0.0.xcdatamodel */,
				D6FC8CC61CCC482500799539 /* GymBuddyModel1. 4.xcdatamodel */,
				D6FC8CC71CCC482500799539 /* GymBuddyModel1.0.xcdatamodel */,
				D6FC8CC81CCC482500799539 /* GymBuddyModel1.1.xcdatamodel */,
				D6FC8CC91CCC482500799539 /* GymBuddyModel1.2.xcdatamodel */,
				D6FC8CCA1CCC482500799539 /* GymBuddyModel1.3.xcdatamodel */,
				D6FC8CCB1CCC482500799539 /* GymBuddyModel1.4.1.xcdatamodel */,
				D6FC8CCC1CCC482500799539 /* GymBuddyModel1.4.2.xcdatamodel */,
				D6FC8CCD1CCC482500799539 /* GymBuddyModel1.4.3.xcdatamodel */,
				D6FC8CCE1CCC482500799539 /* GymBuddyModel1.4.4.xcdatamodel */,
				D6FC8CCF1CCC482500799539 /* GymBuddyModel1.4.5.xcdatamodel */,
			);
			currentVersion = D6FC8CCD1CCC482500799539 /* GymBuddyModel1.4.3.xcdatamodel */;
			path = GymBuddyModel.xcdatamodeld;
			sourceTree = "<group>";
			versionGroupType = wrapper.xcdatamodel;
		};
/* End XCVersionGroup section */
	};
	rootObject = D60B4CB014D7A888001ECCE3 /* Project object */;
}
